// !$*UTF8*$!
{
	archiveVersion = 1;
	classes = {
	};
	objectVersion = 46;
	objects = {

/* Begin PBXBuildFile section */
		4337516E1A1B6B00005CBA4B /* main.m in Sources */ = {isa = PBXBuildFile; fileRef = 4337516D1A1B6B00005CBA4B /* main.m */; };
		433751711A1B6B00005CBA4B /* AppDelegate.m in Sources */ = {isa = PBXBuildFile; fileRef = 433751701A1B6B00005CBA4B /* AppDelegate.m */; };
		433751741A1B6B00005CBA4B /* ViewController.m in Sources */ = {isa = PBXBuildFile; fileRef = 433751731A1B6B00005CBA4B /* ViewController.m */; };
		433751771A1B6B00005CBA4B /* Main.storyboard in Resources */ = {isa = PBXBuildFile; fileRef = 433751751A1B6B00005CBA4B /* Main.storyboard */; };
		433751791A1B6B00005CBA4B /* Images.xcassets in Resources */ = {isa = PBXBuildFile; fileRef = 433751781A1B6B00005CBA4B /* Images.xcassets */; };
		4337517C1A1B6B00005CBA4B /* LaunchScreen.xib in Resources */ = {isa = PBXBuildFile; fileRef = 4337517A1A1B6B00005CBA4B /* LaunchScreen.xib */; };
		433751881A1B6B00005CBA4B /* AdMobFullScreen1DemoTests.m in Sources */ = {isa = PBXBuildFile; fileRef = 433751871A1B6B00005CBA4B /* AdMobFullScreen1DemoTests.m */; };
		433751B31A1B6B18005CBA4B /* libGoogleAdMobAds.a in Frameworks */ = {isa = PBXBuildFile; fileRef = 433751B11A1B6B18005CBA4B /* libGoogleAdMobAds.a */; };
		433751B41A1B6B18005CBA4B /* README.txt in Resources */ = {isa = PBXBuildFile; fileRef = 433751B21A1B6B18005CBA4B /* README.txt */; };
		433751B61A1B6B37005CBA4B /* iAd.framework in Frameworks */ = {isa = PBXBuildFile; fileRef = 433751B51A1B6B37005CBA4B /* iAd.framework */; };
		433751B81A1B6B3C005CBA4B /* StoreKit.framework in Frameworks */ = {isa = PBXBuildFile; fileRef = 433751B71A1B6B3C005CBA4B /* StoreKit.framework */; };
		433751BA1A1B6B41005CBA4B /* CoreTelephony.framework in Frameworks */ = {isa = PBXBuildFile; fileRef = 433751B91A1B6B41005CBA4B /* CoreTelephony.framework */; };
		433751BC1A1B6B49005CBA4B /* SystemConfiguration.framework in Frameworks */ = {isa = PBXBuildFile; fileRef = 433751BB1A1B6B49005CBA4B /* SystemConfiguration.framework */; };
		433751BE1A1B6B4D005CBA4B /* MessageUI.framework in Frameworks */ = {isa = PBXBuildFile; fileRef = 433751BD1A1B6B4D005CBA4B /* MessageUI.framework */; };
		433751C01A1B6B54005CBA4B /* MediaPlayer.framework in Frameworks */ = {isa = PBXBuildFile; fileRef = 433751BF1A1B6B54005CBA4B /* MediaPlayer.framework */; };
		433751C21A1B6B5A005CBA4B /* AdSupport.framework in Frameworks */ = {isa = PBXBuildFile; fileRef = 433751C11A1B6B5A005CBA4B /* AdSupport.framework */; };
		433751C41A1B6B61005CBA4B /* AudioToolbox.framework in Frameworks */ = {isa = PBXBuildFile; fileRef = 433751C31A1B6B61005CBA4B /* AudioToolbox.framework */; };
		433751C61A1B6B66005CBA4B /* AVFoundation.framework in Frameworks */ = {isa = PBXBuildFile; fileRef = 433751C51A1B6B66005CBA4B /* AVFoundation.framework */; };
		433751C81A1B6B6C005CBA4B /* CoreGraphics.framework in Frameworks */ = {isa = PBXBuildFile; fileRef = 433751C71A1B6B6C005CBA4B /* CoreGraphics.framework */; };
		433751CA1A1B6B72005CBA4B /* QuartzCore.framework in Frameworks */ = {isa = PBXBuildFile; fileRef = 433751C91A1B6B72005CBA4B /* QuartzCore.framework */; };
/* End PBXBuildFile section */

/* Begin PBXContainerItemProxy section */
		433751821A1B6B00005CBA4B /* PBXContainerItemProxy */ = {
			isa = PBXContainerItemProxy;
			containerPortal = 433751601A1B6B00005CBA4B /* Project object */;
			proxyType = 1;
			remoteGlobalIDString = 433751671A1B6B00005CBA4B;
			remoteInfo = AdMobFullScreen1Demo;
		};
/* End PBXContainerItemProxy section */

/* Begin PBXFileReference section */
		433751681A1B6B00005CBA4B /* AdMobFullScreen1Demo.app */ = {isa = PBXFileReference; explicitFileType = wrapper.application; includeInIndex = 0; path = AdMobFullScreen1Demo.app; sourceTree = BUILT_PRODUCTS_DIR; };
		4337516C1A1B6B00005CBA4B /* Info.plist */ = {isa = PBXFileReference; lastKnownFileType = text.plist.xml; path = Info.plist; sourceTree = "<group>"; };
		4337516D1A1B6B00005CBA4B /* main.m */ = {isa = PBXFileReference; lastKnownFileType = sourcecode.c.objc; path = main.m; sourceTree = "<group>"; };
		4337516F1A1B6B00005CBA4B /* AppDelegate.h */ = {isa = PBXFileReference; lastKnownFileType = sourcecode.c.h; path = AppDelegate.h; sourceTree = "<group>"; };
		433751701A1B6B00005CBA4B /* AppDelegate.m */ = {isa = PBXFileReference; lastKnownFileType = sourcecode.c.objc; path = AppDelegate.m; sourceTree = "<group>"; };
		433751721A1B6B00005CBA4B /* ViewController.h */ = {isa = PBXFileReference; lastKnownFileType = sourcecode.c.h; path = ViewController.h; sourceTree = "<group>"; };
		433751731A1B6B00005CBA4B /* ViewController.m */ = {isa = PBXFileReference; lastKnownFileType = sourcecode.c.objc; path = ViewController.m; sourceTree = "<group>"; };
		433751761A1B6B00005CBA4B /* Base */ = {isa = PBXFileReference; lastKnownFileType = file.storyboard; name = Base; path = Base.lproj/Main.storyboard; sourceTree = "<group>"; };
		433751781A1B6B00005CBA4B /* Images.xcassets */ = {isa = PBXFileReference; lastKnownFileType = folder.assetcatalog; path = Images.xcassets; sourceTree = "<group>"; };
		4337517B1A1B6B00005CBA4B /* Base */ = {isa = PBXFileReference; lastKnownFileType = file.xib; name = Base; path = Base.lproj/LaunchScreen.xib; sourceTree = "<group>"; };
		433751811A1B6B00005CBA4B /* AdMobFullScreen1DemoTests.xctest */ = {isa = PBXFileReference; explicitFileType = wrapper.cfbundle; includeInIndex = 0; path = AdMobFullScreen1DemoTests.xctest; sourceTree = BUILT_PRODUCTS_DIR; };
		433751861A1B6B00005CBA4B /* Info.plist */ = {isa = PBXFileReference; lastKnownFileType = text.plist.xml; path = Info.plist; sourceTree = "<group>"; };
		433751871A1B6B00005CBA4B /* AdMobFullScreen1DemoTests.m */ = {isa = PBXFileReference; lastKnownFileType = sourcecode.c.objc; path = AdMobFullScreen1DemoTests.m; sourceTree = "<group>"; };
		433751941A1B6B18005CBA4B /* DFPBannerView.h */ = {isa = PBXFileReference; fileEncoding = 4; lastKnownFileType = sourcecode.c.h; path = DFPBannerView.h; sourceTree = "<group>"; };
		433751951A1B6B18005CBA4B /* DFPExtras.h */ = {isa = PBXFileReference; fileEncoding = 4; lastKnownFileType = sourcecode.c.h; path = DFPExtras.h; sourceTree = "<group>"; };
		433751961A1B6B18005CBA4B /* DFPInterstitial.h */ = {isa = PBXFileReference; fileEncoding = 4; lastKnownFileType = sourcecode.c.h; path = DFPInterstitial.h; sourceTree = "<group>"; };
		433751971A1B6B18005CBA4B /* DFPSwipeableBannerView.h */ = {isa = PBXFileReference; fileEncoding = 4; lastKnownFileType = sourcecode.c.h; path = DFPSwipeableBannerView.h; sourceTree = "<group>"; };
		433751981A1B6B18005CBA4B /* GADAdSizeDelegate.h */ = {isa = PBXFileReference; fileEncoding = 4; lastKnownFileType = sourcecode.c.h; path = GADAdSizeDelegate.h; sourceTree = "<group>"; };
		433751991A1B6B18005CBA4B /* GADAppEventDelegate.h */ = {isa = PBXFileReference; fileEncoding = 4; lastKnownFileType = sourcecode.c.h; path = GADAppEventDelegate.h; sourceTree = "<group>"; };
		4337519A1A1B6B18005CBA4B /* GADSwipeableBannerViewDelegate.h */ = {isa = PBXFileReference; fileEncoding = 4; lastKnownFileType = sourcecode.c.h; path = GADSwipeableBannerViewDelegate.h; sourceTree = "<group>"; };
		4337519C1A1B6B18005CBA4B /* GADCustomEventBanner.h */ = {isa = PBXFileReference; fileEncoding = 4; lastKnownFileType = sourcecode.c.h; path = GADCustomEventBanner.h; sourceTree = "<group>"; };
		4337519D1A1B6B18005CBA4B /* GADCustomEventBannerDelegate.h */ = {isa = PBXFileReference; fileEncoding = 4; lastKnownFileType = sourcecode.c.h; path = GADCustomEventBannerDelegate.h; sourceTree = "<group>"; };
		4337519E1A1B6B18005CBA4B /* GADCustomEventExtras.h */ = {isa = PBXFileReference; fileEncoding = 4; lastKnownFileType = sourcecode.c.h; path = GADCustomEventExtras.h; sourceTree = "<group>"; };
		4337519F1A1B6B18005CBA4B /* GADCustomEventInterstitial.h */ = {isa = PBXFileReference; fileEncoding = 4; lastKnownFileType = sourcecode.c.h; path = GADCustomEventInterstitial.h; sourceTree = "<group>"; };
		433751A01A1B6B18005CBA4B /* GADCustomEventInterstitialDelegate.h */ = {isa = PBXFileReference; fileEncoding = 4; lastKnownFileType = sourcecode.c.h; path = GADCustomEventInterstitialDelegate.h; sourceTree = "<group>"; };
		433751A11A1B6B18005CBA4B /* GADCustomEventRequest.h */ = {isa = PBXFileReference; fileEncoding = 4; lastKnownFileType = sourcecode.c.h; path = GADCustomEventRequest.h; sourceTree = "<group>"; };
		433751A31A1B6B18005CBA4B /* GADSearchBannerView.h */ = {isa = PBXFileReference; fileEncoding = 4; lastKnownFileType = sourcecode.c.h; path = GADSearchBannerView.h; sourceTree = "<group>"; };
		433751A41A1B6B18005CBA4B /* GADSearchRequest.h */ = {isa = PBXFileReference; fileEncoding = 4; lastKnownFileType = sourcecode.c.h; path = GADSearchRequest.h; sourceTree = "<group>"; };
		433751A51A1B6B18005CBA4B /* GADAdMobExtras.h */ = {isa = PBXFileReference; fileEncoding = 4; lastKnownFileType = sourcecode.c.h; path = GADAdMobExtras.h; sourceTree = "<group>"; };
		433751A61A1B6B18005CBA4B /* GADAdNetworkExtras.h */ = {isa = PBXFileReference; fileEncoding = 4; lastKnownFileType = sourcecode.c.h; path = GADAdNetworkExtras.h; sourceTree = "<group>"; };
		433751A71A1B6B18005CBA4B /* GADAdSize.h */ = {isa = PBXFileReference; fileEncoding = 4; lastKnownFileType = sourcecode.c.h; path = GADAdSize.h; sourceTree = "<group>"; };
		433751A81A1B6B18005CBA4B /* GADBannerView.h */ = {isa = PBXFileReference; fileEncoding = 4; lastKnownFileType = sourcecode.c.h; path = GADBannerView.h; sourceTree = "<group>"; };
		433751A91A1B6B18005CBA4B /* GADBannerViewDelegate.h */ = {isa = PBXFileReference; fileEncoding = 4; lastKnownFileType = sourcecode.c.h; path = GADBannerViewDelegate.h; sourceTree = "<group>"; };
		433751AA1A1B6B18005CBA4B /* GADInAppPurchase.h */ = {isa = PBXFileReference; fileEncoding = 4; lastKnownFileType = sourcecode.c.h; path = GADInAppPurchase.h; sourceTree = "<group>"; };
		433751AB1A1B6B18005CBA4B /* GADInAppPurchaseDelegate.h */ = {isa = PBXFileReference; fileEncoding = 4; lastKnownFileType = sourcecode.c.h; path = GADInAppPurchaseDelegate.h; sourceTree = "<group>"; };
		433751AC1A1B6B18005CBA4B /* GADInterstitial.h */ = {isa = PBXFileReference; fileEncoding = 4; lastKnownFileType = sourcecode.c.h; path = GADInterstitial.h; sourceTree = "<group>"; };
		433751AD1A1B6B18005CBA4B /* GADInterstitialDelegate.h */ = {isa = PBXFileReference; fileEncoding = 4; lastKnownFileType = sourcecode.c.h; path = GADInterstitialDelegate.h; sourceTree = "<group>"; };
		433751AE1A1B6B18005CBA4B /* GADModules.h */ = {isa = PBXFileReference; fileEncoding = 4; lastKnownFileType = sourcecode.c.h; path = GADModules.h; sourceTree = "<group>"; };
		433751AF1A1B6B18005CBA4B /* GADRequest.h */ = {isa = PBXFileReference; fileEncoding = 4; lastKnownFileType = sourcecode.c.h; path = GADRequest.h; sourceTree = "<group>"; };
		433751B01A1B6B18005CBA4B /* GADRequestError.h */ = {isa = PBXFileReference; fileEncoding = 4; lastKnownFileType = sourcecode.c.h; path = GADRequestError.h; sourceTree = "<group>"; };
		433751B11A1B6B18005CBA4B /* libGoogleAdMobAds.a */ = {isa = PBXFileReference; lastKnownFileType = archive.ar; path = libGoogleAdMobAds.a; sourceTree = "<group>"; };
		433751B21A1B6B18005CBA4B /* README.txt */ = {isa = PBXFileReference; fileEncoding = 4; lastKnownFileType = text; path = README.txt; sourceTree = "<group>"; };
		433751B51A1B6B37005CBA4B /* iAd.framework */ = {isa = PBXFileReference; lastKnownFileType = wrapper.framework; name = iAd.framework; path = System/Library/Frameworks/iAd.framework; sourceTree = SDKROOT; };
		433751B71A1B6B3C005CBA4B /* StoreKit.framework */ = {isa = PBXFileReference; lastKnownFileType = wrapper.framework; name = StoreKit.framework; path = System/Library/Frameworks/StoreKit.framework; sourceTree = SDKROOT; };
		433751B91A1B6B41005CBA4B /* CoreTelephony.framework */ = {isa = PBXFileReference; lastKnownFileType = wrapper.framework; name = CoreTelephony.framework; path = System/Library/Frameworks/CoreTelephony.framework; sourceTree = SDKROOT; };
		433751BB1A1B6B49005CBA4B /* SystemConfiguration.framework */ = {isa = PBXFileReference; lastKnownFileType = wrapper.framework; name = SystemConfiguration.framework; path = System/Library/Frameworks/SystemConfiguration.framework; sourceTree = SDKROOT; };
		433751BD1A1B6B4D005CBA4B /* MessageUI.framework */ = {isa = PBXFileReference; lastKnownFileType = wrapper.framework; name = MessageUI.framework; path = System/Library/Frameworks/MessageUI.framework; sourceTree = SDKROOT; };
		433751BF1A1B6B54005CBA4B /* MediaPlayer.framework */ = {isa = PBXFileReference; lastKnownFileType = wrapper.framework; name = MediaPlayer.framework; path = System/Library/Frameworks/MediaPlayer.framework; sourceTree = SDKROOT; };
		433751C11A1B6B5A005CBA4B /* AdSupport.framework */ = {isa = PBXFileReference; lastKnownFileType = wrapper.framework; name = AdSupport.framework; path = System/Library/Frameworks/AdSupport.framework; sourceTree = SDKROOT; };
		433751C31A1B6B61005CBA4B /* AudioToolbox.framework */ = {isa = PBXFileReference; lastKnownFileType = wrapper.framework; name = AudioToolbox.framework; path = System/Library/Frameworks/AudioToolbox.framework; sourceTree = SDKROOT; };
		433751C51A1B6B66005CBA4B /* AVFoundation.framework */ = {isa = PBXFileReference; lastKnownFileType = wrapper.framework; name = AVFoundation.framework; path = System/Library/Frameworks/AVFoundation.framework; sourceTree = SDKROOT; };
		433751C71A1B6B6C005CBA4B /* CoreGraphics.framework */ = {isa = PBXFileReference; lastKnownFileType = wrapper.framework; name = CoreGraphics.framework; path = System/Library/Frameworks/CoreGraphics.framework; sourceTree = SDKROOT; };
		433751C91A1B6B72005CBA4B /* QuartzCore.framework */ = {isa = PBXFileReference; lastKnownFileType = wrapper.framework; name = QuartzCore.framework; path = System/Library/Frameworks/QuartzCore.framework; sourceTree = SDKROOT; };
/* End PBXFileReference section */

/* Begin PBXFrameworksBuildPhase section */
		433751651A1B6B00005CBA4B /* Frameworks */ = {
			isa = PBXFrameworksBuildPhase;
			buildActionMask = 2147483647;
			files = (
				433751CA1A1B6B72005CBA4B /* QuartzCore.framework in Frameworks */,
				433751C81A1B6B6C005CBA4B /* CoreGraphics.framework in Frameworks */,
				433751C61A1B6B66005CBA4B /* AVFoundation.framework in Frameworks */,
				433751C41A1B6B61005CBA4B /* AudioToolbox.framework in Frameworks */,
				433751C21A1B6B5A005CBA4B /* AdSupport.framework in Frameworks */,
				433751C01A1B6B54005CBA4B /* MediaPlayer.framework in Frameworks */,
				433751BE1A1B6B4D005CBA4B /* MessageUI.framework in Frameworks */,
				433751BC1A1B6B49005CBA4B /* SystemConfiguration.framework in Frameworks */,
				433751BA1A1B6B41005CBA4B /* CoreTelephony.framework in Frameworks */,
				433751B81A1B6B3C005CBA4B /* StoreKit.framework in Frameworks */,
				433751B61A1B6B37005CBA4B /* iAd.framework in Frameworks */,
				433751B31A1B6B18005CBA4B /* libGoogleAdMobAds.a in Frameworks */,
			);
			runOnlyForDeploymentPostprocessing = 0;
		};
		4337517E1A1B6B00005CBA4B /* Frameworks */ = {
			isa = PBXFrameworksBuildPhase;
			buildActionMask = 2147483647;
			files = (
			);
			runOnlyForDeploymentPostprocessing = 0;
		};
/* End PBXFrameworksBuildPhase section */

/* Begin PBXGroup section */
		4337515F1A1B6B00005CBA4B = {
			isa = PBXGroup;
			children = (
				433751CB1A1B6B79005CBA4B /* framework */,
				433751911A1B6B18005CBA4B /* GoogleMobileAdsSdkiOS */,
				4337516A1A1B6B00005CBA4B /* AdMobFullScreen1Demo */,
				433751841A1B6B00005CBA4B /* AdMobFullScreen1DemoTests */,
				433751691A1B6B00005CBA4B /* Products */,
			);
			sourceTree = "<group>";
		};
		433751691A1B6B00005CBA4B /* Products */ = {
			isa = PBXGroup;
			children = (
				433751681A1B6B00005CBA4B /* AdMobFullScreen1Demo.app */,
				433751811A1B6B00005CBA4B /* AdMobFullScreen1DemoTests.xctest */,
			);
			name = Products;
			sourceTree = "<group>";
		};
		4337516A1A1B6B00005CBA4B /* AdMobFullScreen1Demo */ = {
			isa = PBXGroup;
			children = (
				4337516F1A1B6B00005CBA4B /* AppDelegate.h */,
				433751701A1B6B00005CBA4B /* AppDelegate.m */,
				433751721A1B6B00005CBA4B /* ViewController.h */,
				433751731A1B6B00005CBA4B /* ViewController.m */,
				433751751A1B6B00005CBA4B /* Main.storyboard */,
				433751781A1B6B00005CBA4B /* Images.xcassets */,
				4337517A1A1B6B00005CBA4B /* LaunchScreen.xib */,
				4337516B1A1B6B00005CBA4B /* Supporting Files */,
			);
			path = AdMobFullScreen1Demo;
			sourceTree = "<group>";
		};
		4337516B1A1B6B00005CBA4B /* Supporting Files */ = {
			isa = PBXGroup;
			children = (
				4337516C1A1B6B00005CBA4B /* Info.plist */,
				4337516D1A1B6B00005CBA4B /* main.m */,
			);
			name = "Supporting Files";
			sourceTree = "<group>";
		};
		433751841A1B6B00005CBA4B /* AdMobFullScreen1DemoTests */ = {
			isa = PBXGroup;
			children = (
				433751871A1B6B00005CBA4B /* AdMobFullScreen1DemoTests.m */,
				433751851A1B6B00005CBA4B /* Supporting Files */,
			);
			path = AdMobFullScreen1DemoTests;
			sourceTree = "<group>";
		};
		433751851A1B6B00005CBA4B /* Supporting Files */ = {
			isa = PBXGroup;
			children = (
				433751861A1B6B00005CBA4B /* Info.plist */,
			);
			name = "Supporting Files";
			sourceTree = "<group>";
		};
		433751911A1B6B18005CBA4B /* GoogleMobileAdsSdkiOS */ = {
			isa = PBXGroup;
			children = (
				433751921A1B6B18005CBA4B /* Add-ons */,
				433751A51A1B6B18005CBA4B /* GADAdMobExtras.h */,
				433751A61A1B6B18005CBA4B /* GADAdNetworkExtras.h */,
				433751A71A1B6B18005CBA4B /* GADAdSize.h */,
				433751A81A1B6B18005CBA4B /* GADBannerView.h */,
				433751A91A1B6B18005CBA4B /* GADBannerViewDelegate.h */,
				433751AA1A1B6B18005CBA4B /* GADInAppPurchase.h */,
				433751AB1A1B6B18005CBA4B /* GADInAppPurchaseDelegate.h */,
				433751AC1A1B6B18005CBA4B /* GADInterstitial.h */,
				433751AD1A1B6B18005CBA4B /* GADInterstitialDelegate.h */,
				433751AE1A1B6B18005CBA4B /* GADModules.h */,
				433751AF1A1B6B18005CBA4B /* GADRequest.h */,
				433751B01A1B6B18005CBA4B /* GADRequestError.h */,
				433751B11A1B6B18005CBA4B /* libGoogleAdMobAds.a */,
				433751B21A1B6B18005CBA4B /* README.txt */,
			);
			path = GoogleMobileAdsSdkiOS;
			sourceTree = "<group>";
		};
		433751921A1B6B18005CBA4B /* Add-ons */ = {
			isa = PBXGroup;
			children = (
				433751931A1B6B18005CBA4B /* DoubleClick */,
				4337519B1A1B6B18005CBA4B /* Mediation */,
				433751A21A1B6B18005CBA4B /* Search */,
			);
			path = "Add-ons";
			sourceTree = "<group>";
		};
		433751931A1B6B18005CBA4B /* DoubleClick */ = {
			isa = PBXGroup;
			children = (
				433751941A1B6B18005CBA4B /* DFPBannerView.h */,
				433751951A1B6B18005CBA4B /* DFPExtras.h */,
				433751961A1B6B18005CBA4B /* DFPInterstitial.h */,
				433751971A1B6B18005CBA4B /* DFPSwipeableBannerView.h */,
				433751981A1B6B18005CBA4B /* GADAdSizeDelegate.h */,
				433751991A1B6B18005CBA4B /* GADAppEventDelegate.h */,
				4337519A1A1B6B18005CBA4B /* GADSwipeableBannerViewDelegate.h */,
			);
			path = DoubleClick;
			sourceTree = "<group>";
		};
		4337519B1A1B6B18005CBA4B /* Mediation */ = {
			isa = PBXGroup;
			children = (
				4337519C1A1B6B18005CBA4B /* GADCustomEventBanner.h */,
				4337519D1A1B6B18005CBA4B /* GADCustomEventBannerDelegate.h */,
				4337519E1A1B6B18005CBA4B /* GADCustomEventExtras.h */,
				4337519F1A1B6B18005CBA4B /* GADCustomEventInterstitial.h */,
				433751A01A1B6B18005CBA4B /* GADCustomEventInterstitialDelegate.h */,
				433751A11A1B6B18005CBA4B /* GADCustomEventRequest.h */,
			);
			path = Mediation;
			sourceTree = "<group>";
		};
		433751A21A1B6B18005CBA4B /* Search */ = {
			isa = PBXGroup;
			children = (
				433751A31A1B6B18005CBA4B /* GADSearchBannerView.h */,
				433751A41A1B6B18005CBA4B /* GADSearchRequest.h */,
			);
			path = Search;
			sourceTree = "<group>";
		};
		433751CB1A1B6B79005CBA4B /* framework */ = {
			isa = PBXGroup;
			children = (
				433751C91A1B6B72005CBA4B /* QuartzCore.framework */,
				433751C71A1B6B6C005CBA4B /* CoreGraphics.framework */,
				433751C51A1B6B66005CBA4B /* AVFoundation.framework */,
				433751C31A1B6B61005CBA4B /* AudioToolbox.framework */,
				433751C11A1B6B5A005CBA4B /* AdSupport.framework */,
				433751BF1A1B6B54005CBA4B /* MediaPlayer.framework */,
				433751BD1A1B6B4D005CBA4B /* MessageUI.framework */,
				433751BB1A1B6B49005CBA4B /* SystemConfiguration.framework */,
				433751B91A1B6B41005CBA4B /* CoreTelephony.framework */,
				433751B71A1B6B3C005CBA4B /* StoreKit.framework */,
				433751B51A1B6B37005CBA4B /* iAd.framework */,
			);
			name = framework;
			sourceTree = "<group>";
		};
/* End PBXGroup section */

/* Begin PBXNativeTarget section */
		433751671A1B6B00005CBA4B /* AdMobFullScreen1Demo */ = {
			isa = PBXNativeTarget;
			buildConfigurationList = 4337518B1A1B6B00005CBA4B /* Build configuration list for PBXNativeTarget "AdMobFullScreen1Demo" */;
			buildPhases = (
				433751641A1B6B00005CBA4B /* Sources */,
				433751651A1B6B00005CBA4B /* Frameworks */,
				433751661A1B6B00005CBA4B /* Resources */,
			);
			buildRules = (
			);
			dependencies = (
			);
			name = AdMobFullScreen1Demo;
			productName = AdMobFullScreen1Demo;
			productReference = 433751681A1B6B00005CBA4B /* AdMobFullScreen1Demo.app */;
			productType = "com.apple.product-type.application";
		};
		433751801A1B6B00005CBA4B /* AdMobFullScreen1DemoTests */ = {
			isa = PBXNativeTarget;
			buildConfigurationList = 4337518E1A1B6B01005CBA4B /* Build configuration list for PBXNativeTarget "AdMobFullScreen1DemoTests" */;
			buildPhases = (
				4337517D1A1B6B00005CBA4B /* Sources */,
				4337517E1A1B6B00005CBA4B /* Frameworks */,
				4337517F1A1B6B00005CBA4B /* Resources */,
			);
			buildRules = (
			);
			dependencies = (
				433751831A1B6B00005CBA4B /* PBXTargetDependency */,
			);
			name = AdMobFullScreen1DemoTests;
			productName = AdMobFullScreen1DemoTests;
			productReference = 433751811A1B6B00005CBA4B /* AdMobFullScreen1DemoTests.xctest */;
			productType = "com.apple.product-type.bundle.unit-test";
		};
/* End PBXNativeTarget section */

/* Begin PBXProject section */
		433751601A1B6B00005CBA4B /* Project object */ = {
			isa = PBXProject;
			attributes = {
				LastUpgradeCheck = 0610;
				ORGANIZATIONNAME = tonyguan;
				TargetAttributes = {
					433751671A1B6B00005CBA4B = {
						CreatedOnToolsVersion = 6.1;
					};
					433751801A1B6B00005CBA4B = {
						CreatedOnToolsVersion = 6.1;
						TestTargetID = 433751671A1B6B00005CBA4B;
					};
				};
			};
			buildConfigurationList = 433751631A1B6B00005CBA4B /* Build configuration list for PBXProject "AdMobFullScreen1Demo" */;
			compatibilityVersion = "Xcode 3.2";
			developmentRegion = English;
			hasScannedForEncodings = 0;
			knownRegions = (
				en,
				Base,
			);
			mainGroup = 4337515F1A1B6B00005CBA4B;
			productRefGroup = 433751691A1B6B00005CBA4B /* Products */;
			projectDirPath = "";
			projectRoot = "";
			targets = (
				433751671A1B6B00005CBA4B /* AdMobFullScreen1Demo */,
				433751801A1B6B00005CBA4B /* AdMobFullScreen1DemoTests */,
			);
		};
/* End PBXProject section */

/* Begin PBXResourcesBuildPhase section */
		433751661A1B6B00005CBA4B /* Resources */ = {
			isa = PBXResourcesBuildPhase;
			buildActionMask = 2147483647;
			files = (
				433751771A1B6B00005CBA4B /* Main.storyboard in Resources */,
				4337517C1A1B6B00005CBA4B /* LaunchScreen.xib in Resources */,
				433751B41A1B6B18005CBA4B /* README.txt in Resources */,
				433751791A1B6B00005CBA4B /* Images.xcassets in Resources */,
			);
			runOnlyForDeploymentPostprocessing = 0;
		};
		4337517F1A1B6B00005CBA4B /* Resources */ = {
			isa = PBXResourcesBuildPhase;
			buildActionMask = 2147483647;
			files = (
			);
			runOnlyForDeploymentPostprocessing = 0;
		};
/* End PBXResourcesBuildPhase section */

/* Begin PBXSourcesBuildPhase section */
		433751641A1B6B00005CBA4B /* Sources */ = {
			isa = PBXSourcesBuildPhase;
			buildActionMask = 2147483647;
			files = (
				433751741A1B6B00005CBA4B /* ViewController.m in Sources */,
				433751711A1B6B00005CBA4B /* AppDelegate.m in Sources */,
				4337516E1A1B6B00005CBA4B /* main.m in Sources */,
			);
			runOnlyForDeploymentPostprocessing = 0;
		};
		4337517D1A1B6B00005CBA4B /* Sources */ = {
			isa = PBXSourcesBuildPhase;
			buildActionMask = 2147483647;
			files = (
				433751881A1B6B00005CBA4B /* AdMobFullScreen1DemoTests.m in Sources */,
			);
			runOnlyForDeploymentPostprocessing = 0;
		};
/* End PBXSourcesBuildPhase section */

/* Begin PBXTargetDependency section */
		433751831A1B6B00005CBA4B /* PBXTargetDependency */ = {
			isa = PBXTargetDependency;
			target = 433751671A1B6B00005CBA4B /* AdMobFullScreen1Demo */;
			targetProxy = 433751821A1B6B00005CBA4B /* PBXContainerItemProxy */;
		};
/* End PBXTargetDependency section */

/* Begin PBXVariantGroup section */
		433751751A1B6B00005CBA4B /* Main.storyboard */ = {
			isa = PBXVariantGroup;
			children = (
				433751761A1B6B00005CBA4B /* Base */,
			);
			name = Main.storyboard;
			sourceTree = "<group>";
		};
		4337517A1A1B6B00005CBA4B /* LaunchScreen.xib */ = {
			isa = PBXVariantGroup;
			children = (
				4337517B1A1B6B00005CBA4B /* Base */,
			);
			name = LaunchScreen.xib;
			sourceTree = "<group>";
		};
/* End PBXVariantGroup section */

/* Begin XCBuildConfiguration section */
		433751891A1B6B00005CBA4B /* Debug */ = {
			isa = XCBuildConfiguration;
			buildSettings = {
				ALWAYS_SEARCH_USER_PATHS = NO;
				CLANG_CXX_LANGUAGE_STANDARD = "gnu++0x";
				CLANG_CXX_LIBRARY = "libc++";
				CLANG_ENABLE_MODULES = YES;
				CLANG_ENABLE_OBJC_ARC = YES;
				CLANG_WARN_BOOL_CONVERSION = YES;
				CLANG_WARN_CONSTANT_CONVERSION = YES;
				CLANG_WARN_DIRECT_OBJC_ISA_USAGE = YES_ERROR;
				CLANG_WARN_EMPTY_BODY = YES;
				CLANG_WARN_ENUM_CONVERSION = YES;
				CLANG_WARN_INT_CONVERSION = YES;
				CLANG_WARN_OBJC_ROOT_CLASS = YES_ERROR;
				CLANG_WARN_UNREACHABLE_CODE = YES;
				CLANG_WARN__DUPLICATE_METHOD_MATCH = YES;
				"CODE_SIGN_IDENTITY[sdk=iphoneos*]" = "iPhone Developer";
				COPY_PHASE_STRIP = NO;
				ENABLE_STRICT_OBJC_MSGSEND = YES;
				GCC_C_LANGUAGE_STANDARD = gnu99;
				GCC_DYNAMIC_NO_PIC = NO;
				GCC_OPTIMIZATION_LEVEL = 0;
				GCC_PREPROCESSOR_DEFINITIONS = (
					"DEBUG=1",
					"$(inherited)",
				);
				GCC_SYMBOLS_PRIVATE_EXTERN = NO;
				GCC_WARN_64_TO_32_BIT_CONVERSION = YES;
				GCC_WARN_ABOUT_RETURN_TYPE = YES_ERROR;
				GCC_WARN_UNDECLARED_SELECTOR = YES;
				GCC_WARN_UNINITIALIZED_AUTOS = YES_AGGRESSIVE;
				GCC_WARN_UNUSED_FUNCTION = YES;
				GCC_WARN_UNUSED_VARIABLE = YES;
				IPHONEOS_DEPLOYMENT_TARGET = 8.1;
				MTL_ENABLE_DEBUG_INFO = YES;
				ONLY_ACTIVE_ARCH = YES;
				SDKROOT = iphoneos;
				TARGETED_DEVICE_FAMILY = 2;
			};
			name = Debug;
		};
		4337518A1A1B6B00005CBA4B /* Release */ = {
			isa = XCBuildConfiguration;
			buildSettings = {
				ALWAYS_SEARCH_USER_PATHS = NO;
				CLANG_CXX_LANGUAGE_STANDARD = "gnu++0x";
				CLANG_CXX_LIBRARY = "libc++";
				CLANG_ENABLE_MODULES = YES;
				CLANG_ENABLE_OBJC_ARC = YES;
				CLANG_WARN_BOOL_CONVERSION = YES;
				CLANG_WARN_CONSTANT_CONVERSION = YES;
				CLANG_WARN_DIRECT_OBJC_ISA_USAGE = YES_ERROR;
				CLANG_WARN_EMPTY_BODY = YES;
				CLANG_WARN_ENUM_CONVERSION = YES;
				CLANG_WARN_INT_CONVERSION = YES;
				CLANG_WARN_OBJC_ROOT_CLASS = YES_ERROR;
				CLANG_WARN_UNREACHABLE_CODE = YES;
				CLANG_WARN__DUPLICATE_METHOD_MATCH = YES;
				"CODE_SIGN_IDENTITY[sdk=iphoneos*]" = "iPhone Developer";
				COPY_PHASE_STRIP = YES;
				ENABLE_NS_ASSERTIONS = NO;
				ENABLE_STRICT_OBJC_MSGSEND = YES;
				GCC_C_LANGUAGE_STANDARD = gnu99;
				GCC_WARN_64_TO_32_BIT_CONVERSION = YES;
				GCC_WARN_ABOUT_RETURN_TYPE = YES_ERROR;
				GCC_WARN_UNDECLARED_SELECTOR = YES;
				GCC_WARN_UNINITIALIZED_AUTOS = YES_AGGRESSIVE;
				GCC_WARN_UNUSED_FUNCTION = YES;
				GCC_WARN_UNUSED_VARIABLE = YES;
				IPHONEOS_DEPLOYMENT_TARGET = 8.1;
				MTL_ENABLE_DEBUG_INFO = NO;
				SDKROOT = iphoneos;
				TARGETED_DEVICE_FAMILY = 2;
				VALIDATE_PRODUCT = YES;
			};
			name = Release;
		};
		4337518C1A1B6B00005CBA4B /* Debug */ = {
			isa = XCBuildConfiguration;
			buildSettings = {
				ASSETCATALOG_COMPILER_APPICON_NAME = AppIcon;
				INFOPLIST_FILE = AdMobFullScreen1Demo/Info.plist;
				LD_RUNPATH_SEARCH_PATHS = "$(inherited) @executable_path/Frameworks";
				LIBRARY_SEARCH_PATHS = (
					"$(inherited)",
					"$(PROJECT_DIR)/GoogleMobileAdsSdkiOS",
				);
				OTHER_LDFLAGS = "-ObjC";
				PRODUCT_NAME = "$(TARGET_NAME)";
			};
			name = Debug;
		};
		4337518D1A1B6B00005CBA4B /* Release */ = {
			isa = XCBuildConfiguration;
			buildSettings = {
				ASSETCATALOG_COMPILER_APPICON_NAME = AppIcon;
				INFOPLIST_FILE = AdMobFullScreen1Demo/Info.plist;
				LD_RUNPATH_SEARCH_PATHS = "$(inherited) @executable_path/Frameworks";
				LIBRARY_SEARCH_PATHS = (
					"$(inherited)",
					"$(PROJECT_DIR)/GoogleMobileAdsSdkiOS",
				);
				OTHER_LDFLAGS = "-ObjC";
				PRODUCT_NAME = "$(TARGET_NAME)";
			};
			name = Release;
		};
		4337518F1A1B6B01005CBA4B /* Debug */ = {
			isa = XCBuildConfiguration;
			buildSettings = {
				BUNDLE_LOADER = "$(TEST_HOST)";
				FRAMEWORK_SEARCH_PATHS = (
					"$(SDKROOT)/Developer/Library/Frameworks",
					"$(inherited)",
				);
				GCC_PREPROCESSOR_DEFINITIONS = (
					"DEBUG=1",
					"$(inherited)",
				);
				INFOPLIST_FILE = AdMobFullScreen1DemoTests/Info.plist;
				LD_RUNPATH_SEARCH_PATHS = "$(inherited) @executable_path/Frameworks @loader_path/Frameworks";
				PRODUCT_NAME = "$(TARGET_NAME)";
				TEST_HOST = "$(BUILT_PRODUCTS_DIR)/AdMobFullScreen1Demo.app/AdMobFullScreen1Demo";
			};
			name = Debug;
		};
		433751901A1B6B01005CBA4B /* Release */ = {
			isa = XCBuildConfiguration;
			buildSettings = {
				BUNDLE_LOADER = "$(TEST_HOST)";
				FRAMEWORK_SEARCH_PATHS = (
					"$(SDKROOT)/Developer/Library/Frameworks",
					"$(inherited)",
				);
				INFOPLIST_FILE = AdMobFullScreen1DemoTests/Info.plist;
				LD_RUNPATH_SEARCH_PATHS = "$(inherited) @executable_path/Frameworks @loader_path/Frameworks";
				PRODUCT_NAME = "$(TARGET_NAME)";
				TEST_HOST = "$(BUILT_PRODUCTS_DIR)/AdMobFullScreen1Demo.app/AdMobFullScreen1Demo";
			};
			name = Release;
		};
/* End XCBuildConfiguration section */

/* Begin XCConfigurationList section */
		433751631A1B6B00005CBA4B /* Build configuration list for PBXProject "AdMobFullScreen1Demo" */ = {
			isa = XCConfigurationList;
			buildConfigurations = (
				433751891A1B6B00005CBA4B /* Debug */,
				4337518A1A1B6B00005CBA4B /* Release */,
			);
			defaultConfigurationIsVisible = 0;
			defaultConfigurationName = Release;
		};
		4337518B1A1B6B00005CBA4B /* Build configuration list for PBXNativeTarget "AdMobFullScreen1Demo" */ = {
			isa = XCConfigurationList;
			buildConfigurations = (
				4337518C1A1B6B00005CBA4B /* Debug */,
				4337518D1A1B6B00005CBA4B /* Release */,
			);
			defaultConfigurationIsVisible = 0;
		};
		4337518E1A1B6B01005CBA4B /* Build configuration list for PBXNativeTarget "AdMobFullScreen1DemoTests" */ = {
			isa = XCConfigurationList;
			buildConfigurations = (
				4337518F1A1B6B01005CBA4B /* Debug */,
				433751901A1B6B01005CBA4B /* Release */,
			);
			defaultConfigurationIsVisible = 0;
		};
/* End XCConfigurationList section */
	};
	rootObject = 433751601A1B6B00005CBA4B /* Project object */;
}
