// !$*UTF8*$!
{
	archiveVersion = 1;
	classes = {
	};
	objectVersion = 46;
	objects = {

/* Begin PBXBuildFile section */
		B2C870EE1CBE905B00B662DA /* main.m in Sources */ = {isa = PBXBuildFile; fileRef = B2C870ED1CBE905B00B662DA /* main.m */; };
		B2C870F11CBE905B00B662DA /* AppDelegate.m in Sources */ = {isa = PBXBuildFile; fileRef = B2C870F01CBE905B00B662DA /* AppDelegate.m */; };
		B2C870F41CBE905B00B662DA /* ViewController.m in Sources */ = {isa = PBXBuildFile; fileRef = B2C870F31CBE905B00B662DA /* ViewController.m */; };
		B2C870F71CBE905B00B662DA /* Main.storyboard in Resources */ = {isa = PBXBuildFile; fileRef = B2C870F51CBE905B00B662DA /* Main.storyboard */; };
		B2C870F91CBE905B00B662DA /* Assets.xcassets in Resources */ = {isa = PBXBuildFile; fileRef = B2C870F81CBE905B00B662DA /* Assets.xcassets */; };
		B2C870FC1CBE905B00B662DA /* LaunchScreen.storyboard in Resources */ = {isa = PBXBuildFile; fileRef = B2C870FA1CBE905B00B662DA /* LaunchScreen.storyboard */; };
		B2C871051CBE934F00B662DA /* RegisterViewController.m in Sources */ = {isa = PBXBuildFile; fileRef = B2C871041CBE934F00B662DA /* RegisterViewController.m */; };
/* End PBXBuildFile section */

/* Begin PBXFileReference section */
		B2C870E91CBE905B00B662DA /* ModalViewSample.app */ = {isa = PBXFileReference; explicitFileType = wrapper.application; includeInIndex = 0; path = ModalViewSample.app; sourceTree = BUILT_PRODUCTS_DIR; };
		B2C870ED1CBE905B00B662DA /* main.m */ = {isa = PBXFileReference; lastKnownFileType = sourcecode.c.objc; path = main.m; sourceTree = "<group>"; };
		B2C870EF1CBE905B00B662DA /* AppDelegate.h */ = {isa = PBXFileReference; lastKnownFileType = sourcecode.c.h; path = AppDelegate.h; sourceTree = "<group>"; };
		B2C870F01CBE905B00B662DA /* AppDelegate.m */ = {isa = PBXFileReference; lastKnownFileType = sourcecode.c.objc; path = AppDelegate.m; sourceTree = "<group>"; };
		B2C870F21CBE905B00B662DA /* ViewController.h */ = {isa = PBXFileReference; lastKnownFileType = sourcecode.c.h; path = ViewController.h; sourceTree = "<group>"; };
		B2C870F31CBE905B00B662DA /* ViewController.m */ = {isa = PBXFileReference; lastKnownFileType = sourcecode.c.objc; path = ViewController.m; sourceTree = "<group>"; };
		B2C870F61CBE905B00B662DA /* Base */ = {isa = PBXFileReference; lastKnownFileType = file.storyboard; name = Base; path = Base.lproj/Main.storyboard; sourceTree = "<group>"; };
		B2C870F81CBE905B00B662DA /* Assets.xcassets */ = {isa = PBXFileReference; lastKnownFileType = folder.assetcatalog; path = Assets.xcassets; sourceTree = "<group>"; };
		B2C870FB1CBE905B00B662DA /* Base */ = {isa = PBXFileReference; lastKnownFileType = file.storyboard; name = Base; path = Base.lproj/LaunchScreen.storyboard; sourceTree = "<group>"; };
		B2C870FD1CBE905B00B662DA /* Info.plist */ = {isa = PBXFileReference; lastKnownFileType = text.plist.xml; path = Info.plist; sourceTree = "<group>"; };
		B2C871031CBE934F00B662DA /* RegisterViewController.h */ = {isa = PBXFileReference; fileEncoding = 4; lastKnownFileType = sourcecode.c.h; path = RegisterViewController.h; sourceTree = "<group>"; };
		B2C871041CBE934F00B662DA /* RegisterViewController.m */ = {isa = PBXFileReference; fileEncoding = 4; lastKnownFileType = sourcecode.c.objc; path = RegisterViewController.m; sourceTree = "<group>"; };
/* End PBXFileReference section */

/* Begin PBXFrameworksBuildPhase section */
		B2C870E61CBE905B00B662DA /* Frameworks */ = {
			isa = PBXFrameworksBuildPhase;
			buildActionMask = 2147483647;
			files = (
			);
			runOnlyForDeploymentPostprocessing = 0;
		};
/* End PBXFrameworksBuildPhase section */

/* Begin PBXGroup section */
		B2C870E01CBE905B00B662DA = {
			isa = PBXGroup;
			children = (
				B2C870EB1CBE905B00B662DA /* ModalViewSample */,
				B2C870EA1CBE905B00B662DA /* Products */,
			);
			sourceTree = "<group>";
		};
		B2C870EA1CBE905B00B662DA /* Products */ = {
			isa = PBXGroup;
			children = (
				B2C870E91CBE905B00B662DA /* ModalViewSample.app */,
			);
			name = Products;
			sourceTree = "<group>";
		};
		B2C870EB1CBE905B00B662DA /* ModalViewSample */ = {
			isa = PBXGroup;
			children = (
				B2C870EF1CBE905B00B662DA /* AppDelegate.h */,
				B2C871031CBE934F00B662DA /* RegisterViewController.h */,
				B2C871041CBE934F00B662DA /* RegisterViewController.m */,
				B2C870F01CBE905B00B662DA /* AppDelegate.m */,
				B2C870F21CBE905B00B662DA /* ViewController.h */,
				B2C870F31CBE905B00B662DA /* ViewController.m */,
				B2C870F51CBE905B00B662DA /* Main.storyboard */,
				B2C870F81CBE905B00B662DA /* Assets.xcassets */,
				B2C870FA1CBE905B00B662DA /* LaunchScreen.storyboard */,
				B2C870FD1CBE905B00B662DA /* Info.plist */,
				B2C870EC1CBE905B00B662DA /* Supporting Files */,
			);
			path = ModalViewSample;
			sourceTree = "<group>";
		};
		B2C870EC1CBE905B00B662DA /* Supporting Files */ = {
			isa = PBXGroup;
			children = (
				B2C870ED1CBE905B00B662DA /* main.m */,
			);
			name = "Supporting Files";
			sourceTree = "<group>";
		};
/* End PBXGroup section */

/* Begin PBXNativeTarget section */
		B2C870E81CBE905B00B662DA /* ModalViewSample */ = {
			isa = PBXNativeTarget;
			buildConfigurationList = B2C871001CBE905B00B662DA /* Build configuration list for PBXNativeTarget "ModalViewSample" */;
			buildPhases = (
				B2C870E51CBE905B00B662DA /* Sources */,
				B2C870E61CBE905B00B662DA /* Frameworks */,
				B2C870E71CBE905B00B662DA /* Resources */,
			);
			buildRules = (
			);
			dependencies = (
			);
			name = ModalViewSample;
			productName = ModalViewSample;
			productReference = B2C870E91CBE905B00B662DA /* ModalViewSample.app */;
			productType = "com.apple.product-type.application";
		};
/* End PBXNativeTarget section */

/* Begin PBXProject section */
		B2C870E11CBE905B00B662DA /* Project object */ = {
			isa = PBXProject;
			attributes = {
				LastUpgradeCheck = 0720;
				ORGANIZATIONNAME = lhx;
				TargetAttributes = {
					B2C870E81CBE905B00B662DA = {
						CreatedOnToolsVersion = 7.2.1;
					};
				};
			};
			buildConfigurationList = B2C870E41CBE905B00B662DA /* Build configuration list for PBXProject "ModalViewSample" */;
			compatibilityVersion = "Xcode 3.2";
			developmentRegion = English;
			hasScannedForEncodings = 0;
			knownRegions = (
				en,
				Base,
			);
			mainGroup = B2C870E01CBE905B00B662DA;
			productRefGroup = B2C870EA1CBE905B00B662DA /* Products */;
			projectDirPath = "";
			projectRoot = "";
			targets = (
				B2C870E81CBE905B00B662DA /* ModalViewSample */,
			);
		};
/* End PBXProject section */

/* Begin PBXResourcesBuildPhase section */
		B2C870E71CBE905B00B662DA /* Resources */ = {
			isa = PBXResourcesBuildPhase;
			buildActionMask = 2147483647;
			files = (
				B2C870FC1CBE905B00B662DA /* LaunchScreen.storyboard in Resources */,
				B2C870F91CBE905B00B662DA /* Assets.xcassets in Resources */,
				B2C870F71CBE905B00B662DA /* Main.storyboard in Resources */,
			);
			runOnlyForDeploymentPostprocessing = 0;
		};
/* End PBXResourcesBuildPhase section */

/* Begin PBXSourcesBuildPhase section */
		B2C870E51CBE905B00B662DA /* Sources */ = {
			isa = PBXSourcesBuildPhase;
			buildActionMask = 2147483647;
			files = (
				B2C870F41CBE905B00B662DA /* ViewController.m in Sources */,
				B2C870F11CBE905B00B662DA /* AppDelegate.m in Sources */,
				B2C870EE1CBE905B00B662DA /* main.m in Sources */,
				B2C871051CBE934F00B662DA /* RegisterViewController.m in Sources */,
			);
			runOnlyForDeploymentPostprocessing = 0;
		};
/* End PBXSourcesBuildPhase section */

/* Begin PBXVariantGroup section */
		B2C870F51CBE905B00B662DA /* Main.storyboard */ = {
			isa = PBXVariantGroup;
			children = (
				B2C870F61CBE905B00B662DA /* Base */,
			);
			name = Main.storyboard;
			sourceTree = "<group>";
		};
		B2C870FA1CBE905B00B662DA /* LaunchScreen.storyboard */ = {
			isa = PBXVariantGroup;
			children = (
				B2C870FB1CBE905B00B662DA /* Base */,
			);
			name = LaunchScreen.storyboard;
			sourceTree = "<group>";
		};
/* End PBXVariantGroup section */

/* Begin XCBuildConfiguration section */
		B2C870FE1CBE905B00B662DA /* Debug */ = {
			isa = XCBuildConfiguration;
			buildSettings = {
				ALWAYS_SEARCH_USER_PATHS = NO;
				CLANG_CXX_LANGUAGE_STANDARD = "gnu++0x";
				CLANG_CXX_LIBRARY = "libc++";
				CLANG_ENABLE_MODULES = YES;
				CLANG_ENABLE_OBJC_ARC = YES;
				CLANG_WARN_BOOL_CONVERSION = YES;
				CLANG_WARN_CONSTANT_CONVERSION = YES;
				CLANG_WARN_DIRECT_OBJC_ISA_USAGE = YES_ERROR;
				CLANG_WARN_EMPTY_BODY = YES;
				CLANG_WARN_ENUM_CONVERSION = YES;
				CLANG_WARN_INT_CONVERSION = YES;
				CLANG_WARN_OBJC_ROOT_CLASS = YES_ERROR;
				CLANG_WARN_UNREACHABLE_CODE = YES;
				CLANG_WARN__DUPLICATE_METHOD_MATCH = YES;
				"CODE_SIGN_IDENTITY[sdk=iphoneos*]" = "iPhone Developer";
				COPY_PHASE_STRIP = NO;
				DEBUG_INFORMATION_FORMAT = dwarf;
				ENABLE_STRICT_OBJC_MSGSEND = YES;
				ENABLE_TESTABILITY = YES;
				GCC_C_LANGUAGE_STANDARD = gnu99;
				GCC_DYNAMIC_NO_PIC = NO;
				GCC_NO_COMMON_BLOCKS = YES;
				GCC_OPTIMIZATION_LEVEL = 0;
				GCC_PREPROCESSOR_DEFINITIONS = (
					"DEBUG=1",
					"$(inherited)",
				);
				GCC_WARN_64_TO_32_BIT_CONVERSION = YES;
				GCC_WARN_ABOUT_RETURN_TYPE = YES_ERROR;
				GCC_WARN_UNDECLARED_SELECTOR = YES;
				GCC_WARN_UNINITIALIZED_AUTOS = YES_AGGRESSIVE;
				GCC_WARN_UNUSED_FUNCTION = YES;
				GCC_WARN_UNUSED_VARIABLE = YES;
				IPHONEOS_DEPLOYMENT_TARGET = 9.2;
				MTL_ENABLE_DEBUG_INFO = YES;
				ONLY_ACTIVE_ARCH = YES;
				SDKROOT = iphoneos;
			};
			name = Debug;
		};
		B2C870FF1CBE905B00B662DA /* Release */ = {
			isa = XCBuildConfiguration;
			buildSettings = {
				ALWAYS_SEARCH_USER_PATHS = NO;
				CLANG_CXX_LANGUAGE_STANDARD = "gnu++0x";
				CLANG_CXX_LIBRARY = "libc++";
				CLANG_ENABLE_MODULES = YES;
				CLANG_ENABLE_OBJC_ARC = YES;
				CLANG_WARN_BOOL_CONVERSION = YES;
				CLANG_WARN_CONSTANT_CONVERSION = YES;
				CLANG_WARN_DIRECT_OBJC_ISA_USAGE = YES_ERROR;
				CLANG_WARN_EMPTY_BODY = YES;
				CLANG_WARN_ENUM_CONVERSION = YES;
				CLANG_WARN_INT_CONVERSION = YES;
				CLANG_WARN_OBJC_ROOT_CLASS = YES_ERROR;
				CLANG_WARN_UNREACHABLE_CODE = YES;
				CLANG_WARN__DUPLICATE_METHOD_MATCH = YES;
				"CODE_SIGN_IDENTITY[sdk=iphoneos*]" = "iPhone Developer";
				COPY_PHASE_STRIP = NO;
				DEBUG_INFORMATION_FORMAT = "dwarf-with-dsym";
				ENABLE_NS_ASSERTIONS = NO;
				ENABLE_STRICT_OBJC_MSGSEND = YES;
				GCC_C_LANGUAGE_STANDARD = gnu99;
				GCC_NO_COMMON_BLOCKS = YES;
				GCC_WARN_64_TO_32_BIT_CONVERSION = YES;
				GCC_WARN_ABOUT_RETURN_TYPE = YES_ERROR;
				GCC_WARN_UNDECLARED_SELECTOR = YES;
				GCC_WARN_UNINITIALIZED_AUTOS = YES_AGGRESSIVE;
				GCC_WARN_UNUSED_FUNCTION = YES;
				GCC_WARN_UNUSED_VARIABLE = YES;
				IPHONEOS_DEPLOYMENT_TARGET = 9.2;
				MTL_ENABLE_DEBUG_INFO = NO;
				SDKROOT = iphoneos;
				VALIDATE_PRODUCT = YES;
			};
			name = Release;
		};
		B2C871011CBE905B00B662DA /* Debug */ = {
			isa = XCBuildConfiguration;
			buildSettings = {
				ASSETCATALOG_COMPILER_APPICON_NAME = AppIcon;
				INFOPLIST_FILE = ModalViewSample/Info.plist;
				LD_RUNPATH_SEARCH_PATHS = "$(inherited) @executable_path/Frameworks";
				PRODUCT_BUNDLE_IDENTIFIER = com.lhx.ModalViewSample;
				PRODUCT_NAME = "$(TARGET_NAME)";
			};
			name = Debug;
		};
		B2C871021CBE905B00B662DA /* Release */ = {
			isa = XCBuildConfiguration;
			buildSettings = {
				ASSETCATALOG_COMPILER_APPICON_NAME = AppIcon;
				INFOPLIST_FILE = ModalViewSample/Info.plist;
				LD_RUNPATH_SEARCH_PATHS = "$(inherited) @executable_path/Frameworks";
				PRODUCT_BUNDLE_IDENTIFIER = com.lhx.ModalViewSample;
				PRODUCT_NAME = "$(TARGET_NAME)";
			};
			name = Release;
		};
/* End XCBuildConfiguration section */

/* Begin XCConfigurationList section */
		B2C870E41CBE905B00B662DA /* Build configuration list for PBXProject "ModalViewSample" */ = {
			isa = XCConfigurationList;
			buildConfigurations = (
				B2C870FE1CBE905B00B662DA /* Debug */,
				B2C870FF1CBE905B00B662DA /* Release */,
			);
			defaultConfigurationIsVisible = 0;
			defaultConfigurationName = Release;
		};
		B2C871001CBE905B00B662DA /* Build configuration list for PBXNativeTarget "ModalViewSample" */ = {
			isa = XCConfigurationList;
			buildConfigurations = (
				B2C871011CBE905B00B662DA /* Debug */,
				B2C871021CBE905B00B662DA /* Release */,
			);
			defaultConfigurationIsVisible = 0;
		};
/* End XCConfigurationList section */
	};
	rootObject = B2C870E11CBE905B00B662DA /* Project object */;
}
