// !$*UTF8*$!
{
	archiveVersion = 1;
	classes = {
	};
	objectVersion = 46;
	objects = {

/* Begin PBXBuildFile section */
		4301EAF31A18D4300059816E /* main.m in Sources */ = {isa = PBXBuildFile; fileRef = 4301EAF21A18D4300059816E /* main.m */; };
		4301EAF61A18D4300059816E /* AppDelegate.m in Sources */ = {isa = PBXBuildFile; fileRef = 4301EAF51A18D4300059816E /* AppDelegate.m */; };
		4301EAF91A18D4300059816E /* MasterViewController.m in Sources */ = {isa = PBXBuildFile; fileRef = 4301EAF81A18D4300059816E /* MasterViewController.m */; };
		4301EAFC1A18D4300059816E /* DetailViewController.m in Sources */ = {isa = PBXBuildFile; fileRef = 4301EAFB1A18D4300059816E /* DetailViewController.m */; };
		4301EAFF1A18D4300059816E /* Main.storyboard in Resources */ = {isa = PBXBuildFile; fileRef = 4301EAFD1A18D4300059816E /* Main.storyboard */; };
		4301EB011A18D4300059816E /* Images.xcassets in Resources */ = {isa = PBXBuildFile; fileRef = 4301EB001A18D4300059816E /* Images.xcassets */; };
		4301EB041A18D4300059816E /* LaunchScreen.xib in Resources */ = {isa = PBXBuildFile; fileRef = 4301EB021A18D4300059816E /* LaunchScreen.xib */; };
		4301EB101A18D4300059816E /* PresentationLayerTests.m in Sources */ = {isa = PBXBuildFile; fileRef = 4301EB0F1A18D4300059816E /* PresentationLayerTests.m */; };
		4301EB1B1A18D4680059816E /* AddViewController.m in Sources */ = {isa = PBXBuildFile; fileRef = 4301EB1A1A18D4680059816E /* AddViewController.m */; };
		4301EC4C1A18E6F50059816E /* BusinessLogicLayer.framework in Frameworks */ = {isa = PBXBuildFile; fileRef = 4301EC4A1A18E6F50059816E /* BusinessLogicLayer.framework */; };
		4301EC4F1A18F4140059816E /* PersistenceLayer.framework in Frameworks */ = {isa = PBXBuildFile; fileRef = 4301EC4E1A18F4140059816E /* PersistenceLayer.framework */; };
/* End PBXBuildFile section */

/* Begin PBXContainerItemProxy section */
		4301EB0A1A18D4300059816E /* PBXContainerItemProxy */ = {
			isa = PBXContainerItemProxy;
			containerPortal = 4301EAE51A18D4300059816E /* Project object */;
			proxyType = 1;
			remoteGlobalIDString = 4301EAEC1A18D4300059816E;
			remoteInfo = PresentationLayer;
		};
/* End PBXContainerItemProxy section */

/* Begin PBXFileReference section */
		4301EAED1A18D4300059816E /* PresentationLayer.app */ = {isa = PBXFileReference; explicitFileType = wrapper.application; includeInIndex = 0; path = PresentationLayer.app; sourceTree = BUILT_PRODUCTS_DIR; };
		4301EAF11A18D4300059816E /* Info.plist */ = {isa = PBXFileReference; lastKnownFileType = text.plist.xml; path = Info.plist; sourceTree = "<group>"; };
		4301EAF21A18D4300059816E /* main.m */ = {isa = PBXFileReference; lastKnownFileType = sourcecode.c.objc; path = main.m; sourceTree = "<group>"; };
		4301EAF41A18D4300059816E /* AppDelegate.h */ = {isa = PBXFileReference; lastKnownFileType = sourcecode.c.h; path = AppDelegate.h; sourceTree = "<group>"; };
		4301EAF51A18D4300059816E /* AppDelegate.m */ = {isa = PBXFileReference; lastKnownFileType = sourcecode.c.objc; path = AppDelegate.m; sourceTree = "<group>"; };
		4301EAF71A18D4300059816E /* MasterViewController.h */ = {isa = PBXFileReference; lastKnownFileType = sourcecode.c.h; path = MasterViewController.h; sourceTree = "<group>"; };
		4301EAF81A18D4300059816E /* MasterViewController.m */ = {isa = PBXFileReference; lastKnownFileType = sourcecode.c.objc; path = MasterViewController.m; sourceTree = "<group>"; };
		4301EAFA1A18D4300059816E /* DetailViewController.h */ = {isa = PBXFileReference; lastKnownFileType = sourcecode.c.h; path = DetailViewController.h; sourceTree = "<group>"; };
		4301EAFB1A18D4300059816E /* DetailViewController.m */ = {isa = PBXFileReference; lastKnownFileType = sourcecode.c.objc; path = DetailViewController.m; sourceTree = "<group>"; };
		4301EAFE1A18D4300059816E /* Base */ = {isa = PBXFileReference; lastKnownFileType = file.storyboard; name = Base; path = Base.lproj/Main.storyboard; sourceTree = "<group>"; };
		4301EB001A18D4300059816E /* Images.xcassets */ = {isa = PBXFileReference; lastKnownFileType = folder.assetcatalog; path = Images.xcassets; sourceTree = "<group>"; };
		4301EB031A18D4300059816E /* Base */ = {isa = PBXFileReference; lastKnownFileType = file.xib; name = Base; path = Base.lproj/LaunchScreen.xib; sourceTree = "<group>"; };
		4301EB091A18D4300059816E /* PresentationLayerTests.xctest */ = {isa = PBXFileReference; explicitFileType = wrapper.cfbundle; includeInIndex = 0; path = PresentationLayerTests.xctest; sourceTree = BUILT_PRODUCTS_DIR; };
		4301EB0E1A18D4300059816E /* Info.plist */ = {isa = PBXFileReference; lastKnownFileType = text.plist.xml; path = Info.plist; sourceTree = "<group>"; };
		4301EB0F1A18D4300059816E /* PresentationLayerTests.m */ = {isa = PBXFileReference; lastKnownFileType = sourcecode.c.objc; path = PresentationLayerTests.m; sourceTree = "<group>"; };
		4301EB191A18D4680059816E /* AddViewController.h */ = {isa = PBXFileReference; fileEncoding = 4; lastKnownFileType = sourcecode.c.h; path = AddViewController.h; sourceTree = "<group>"; };
		4301EB1A1A18D4680059816E /* AddViewController.m */ = {isa = PBXFileReference; fileEncoding = 4; lastKnownFileType = sourcecode.c.objc; path = AddViewController.m; sourceTree = "<group>"; };
		4301EC4A1A18E6F50059816E /* BusinessLogicLayer.framework */ = {isa = PBXFileReference; lastKnownFileType = wrapper.framework; name = BusinessLogicLayer.framework; path = "../BusinessLogicLayer/build/Debug-iphoneos/BusinessLogicLayer.framework"; sourceTree = "<group>"; };
		4301EC4E1A18F4140059816E /* PersistenceLayer.framework */ = {isa = PBXFileReference; lastKnownFileType = wrapper.framework; name = PersistenceLayer.framework; path = "../PersistenceLayer/build/Debug-iphoneos/PersistenceLayer.framework"; sourceTree = "<group>"; };
/* End PBXFileReference section */

/* Begin PBXFrameworksBuildPhase section */
		4301EAEA1A18D4300059816E /* Frameworks */ = {
			isa = PBXFrameworksBuildPhase;
			buildActionMask = 2147483647;
			files = (
				4301EC4F1A18F4140059816E /* PersistenceLayer.framework in Frameworks */,
				4301EC4C1A18E6F50059816E /* BusinessLogicLayer.framework in Frameworks */,
			);
			runOnlyForDeploymentPostprocessing = 0;
		};
		4301EB061A18D4300059816E /* Frameworks */ = {
			isa = PBXFrameworksBuildPhase;
			buildActionMask = 2147483647;
			files = (
			);
			runOnlyForDeploymentPostprocessing = 0;
		};
/* End PBXFrameworksBuildPhase section */

/* Begin PBXGroup section */
		4301EAE41A18D4300059816E = {
			isa = PBXGroup;
			children = (
				4301EC4E1A18F4140059816E /* PersistenceLayer.framework */,
				4301EC4A1A18E6F50059816E /* BusinessLogicLayer.framework */,
				4301EAEF1A18D4300059816E /* PresentationLayer */,
				4301EB0C1A18D4300059816E /* PresentationLayerTests */,
				4301EAEE1A18D4300059816E /* Products */,
			);
			sourceTree = "<group>";
		};
		4301EAEE1A18D4300059816E /* Products */ = {
			isa = PBXGroup;
			children = (
				4301EAED1A18D4300059816E /* PresentationLayer.app */,
				4301EB091A18D4300059816E /* PresentationLayerTests.xctest */,
			);
			name = Products;
			sourceTree = "<group>";
		};
		4301EAEF1A18D4300059816E /* PresentationLayer */ = {
			isa = PBXGroup;
			children = (
				4301EB191A18D4680059816E /* AddViewController.h */,
				4301EB1A1A18D4680059816E /* AddViewController.m */,
				4301EAF41A18D4300059816E /* AppDelegate.h */,
				4301EAF51A18D4300059816E /* AppDelegate.m */,
				4301EAF71A18D4300059816E /* MasterViewController.h */,
				4301EAF81A18D4300059816E /* MasterViewController.m */,
				4301EAFA1A18D4300059816E /* DetailViewController.h */,
				4301EAFB1A18D4300059816E /* DetailViewController.m */,
				4301EAFD1A18D4300059816E /* Main.storyboard */,
				4301EB001A18D4300059816E /* Images.xcassets */,
				4301EB021A18D4300059816E /* LaunchScreen.xib */,
				4301EAF01A18D4300059816E /* Supporting Files */,
			);
			path = PresentationLayer;
			sourceTree = "<group>";
		};
		4301EAF01A18D4300059816E /* Supporting Files */ = {
			isa = PBXGroup;
			children = (
				4301EAF11A18D4300059816E /* Info.plist */,
				4301EAF21A18D4300059816E /* main.m */,
			);
			name = "Supporting Files";
			sourceTree = "<group>";
		};
		4301EB0C1A18D4300059816E /* PresentationLayerTests */ = {
			isa = PBXGroup;
			children = (
				4301EB0F1A18D4300059816E /* PresentationLayerTests.m */,
				4301EB0D1A18D4300059816E /* Supporting Files */,
			);
			path = PresentationLayerTests;
			sourceTree = "<group>";
		};
		4301EB0D1A18D4300059816E /* Supporting Files */ = {
			isa = PBXGroup;
			children = (
				4301EB0E1A18D4300059816E /* Info.plist */,
			);
			name = "Supporting Files";
			sourceTree = "<group>";
		};
/* End PBXGroup section */

/* Begin PBXNativeTarget section */
		4301EAEC1A18D4300059816E /* PresentationLayer */ = {
			isa = PBXNativeTarget;
			buildConfigurationList = 4301EB131A18D4300059816E /* Build configuration list for PBXNativeTarget "PresentationLayer" */;
			buildPhases = (
				4301EAE91A18D4300059816E /* Sources */,
				4301EAEA1A18D4300059816E /* Frameworks */,
				4301EAEB1A18D4300059816E /* Resources */,
			);
			buildRules = (
			);
			dependencies = (
			);
			name = PresentationLayer;
			productName = PresentationLayer;
			productReference = 4301EAED1A18D4300059816E /* PresentationLayer.app */;
			productType = "com.apple.product-type.application";
		};
		4301EB081A18D4300059816E /* PresentationLayerTests */ = {
			isa = PBXNativeTarget;
			buildConfigurationList = 4301EB161A18D4300059816E /* Build configuration list for PBXNativeTarget "PresentationLayerTests" */;
			buildPhases = (
				4301EB051A18D4300059816E /* Sources */,
				4301EB061A18D4300059816E /* Frameworks */,
				4301EB071A18D4300059816E /* Resources */,
			);
			buildRules = (
			);
			dependencies = (
				4301EB0B1A18D4300059816E /* PBXTargetDependency */,
			);
			name = PresentationLayerTests;
			productName = PresentationLayerTests;
			productReference = 4301EB091A18D4300059816E /* PresentationLayerTests.xctest */;
			productType = "com.apple.product-type.bundle.unit-test";
		};
/* End PBXNativeTarget section */

/* Begin PBXProject section */
		4301EAE51A18D4300059816E /* Project object */ = {
			isa = PBXProject;
			attributes = {
				LastUpgradeCheck = 0610;
				ORGANIZATIONNAME = tonyguan;
				TargetAttributes = {
					4301EAEC1A18D4300059816E = {
						CreatedOnToolsVersion = 6.1;
					};
					4301EB081A18D4300059816E = {
						CreatedOnToolsVersion = 6.1;
						TestTargetID = 4301EAEC1A18D4300059816E;
					};
				};
			};
			buildConfigurationList = 4301EAE81A18D4300059816E /* Build configuration list for PBXProject "PresentationLayer" */;
			compatibilityVersion = "Xcode 3.2";
			developmentRegion = English;
			hasScannedForEncodings = 0;
			knownRegions = (
				en,
				Base,
			);
			mainGroup = 4301EAE41A18D4300059816E;
			productRefGroup = 4301EAEE1A18D4300059816E /* Products */;
			projectDirPath = "";
			projectRoot = "";
			targets = (
				4301EAEC1A18D4300059816E /* PresentationLayer */,
				4301EB081A18D4300059816E /* PresentationLayerTests */,
			);
		};
/* End PBXProject section */

/* Begin PBXResourcesBuildPhase section */
		4301EAEB1A18D4300059816E /* Resources */ = {
			isa = PBXResourcesBuildPhase;
			buildActionMask = 2147483647;
			files = (
				4301EAFF1A18D4300059816E /* Main.storyboard in Resources */,
				4301EB041A18D4300059816E /* LaunchScreen.xib in Resources */,
				4301EB011A18D4300059816E /* Images.xcassets in Resources */,
			);
			runOnlyForDeploymentPostprocessing = 0;
		};
		4301EB071A18D4300059816E /* Resources */ = {
			isa = PBXResourcesBuildPhase;
			buildActionMask = 2147483647;
			files = (
			);
			runOnlyForDeploymentPostprocessing = 0;
		};
/* End PBXResourcesBuildPhase section */

/* Begin PBXSourcesBuildPhase section */
		4301EAE91A18D4300059816E /* Sources */ = {
			isa = PBXSourcesBuildPhase;
			buildActionMask = 2147483647;
			files = (
				4301EB1B1A18D4680059816E /* AddViewController.m in Sources */,
				4301EAF61A18D4300059816E /* AppDelegate.m in Sources */,
				4301EAF91A18D4300059816E /* MasterViewController.m in Sources */,
				4301EAF31A18D4300059816E /* main.m in Sources */,
				4301EAFC1A18D4300059816E /* DetailViewController.m in Sources */,
			);
			runOnlyForDeploymentPostprocessing = 0;
		};
		4301EB051A18D4300059816E /* Sources */ = {
			isa = PBXSourcesBuildPhase;
			buildActionMask = 2147483647;
			files = (
				4301EB101A18D4300059816E /* PresentationLayerTests.m in Sources */,
			);
			runOnlyForDeploymentPostprocessing = 0;
		};
/* End PBXSourcesBuildPhase section */

/* Begin PBXTargetDependency section */
		4301EB0B1A18D4300059816E /* PBXTargetDependency */ = {
			isa = PBXTargetDependency;
			target = 4301EAEC1A18D4300059816E /* PresentationLayer */;
			targetProxy = 4301EB0A1A18D4300059816E /* PBXContainerItemProxy */;
		};
/* End PBXTargetDependency section */

/* Begin PBXVariantGroup section */
		4301EAFD1A18D4300059816E /* Main.storyboard */ = {
			isa = PBXVariantGroup;
			children = (
				4301EAFE1A18D4300059816E /* Base */,
			);
			name = Main.storyboard;
			sourceTree = "<group>";
		};
		4301EB021A18D4300059816E /* LaunchScreen.xib */ = {
			isa = PBXVariantGroup;
			children = (
				4301EB031A18D4300059816E /* Base */,
			);
			name = LaunchScreen.xib;
			sourceTree = "<group>";
		};
/* End PBXVariantGroup section */

/* Begin XCBuildConfiguration section */
		4301EB111A18D4300059816E /* Debug */ = {
			isa = XCBuildConfiguration;
			buildSettings = {
				ALWAYS_SEARCH_USER_PATHS = NO;
				CLANG_CXX_LANGUAGE_STANDARD = "gnu++0x";
				CLANG_CXX_LIBRARY = "libc++";
				CLANG_ENABLE_MODULES = YES;
				CLANG_ENABLE_OBJC_ARC = YES;
				CLANG_WARN_BOOL_CONVERSION = YES;
				CLANG_WARN_CONSTANT_CONVERSION = YES;
				CLANG_WARN_DIRECT_OBJC_ISA_USAGE = YES_ERROR;
				CLANG_WARN_EMPTY_BODY = YES;
				CLANG_WARN_ENUM_CONVERSION = YES;
				CLANG_WARN_INT_CONVERSION = YES;
				CLANG_WARN_OBJC_ROOT_CLASS = YES_ERROR;
				CLANG_WARN_UNREACHABLE_CODE = YES;
				CLANG_WARN__DUPLICATE_METHOD_MATCH = YES;
				"CODE_SIGN_IDENTITY[sdk=iphoneos*]" = "iPhone Developer";
				COPY_PHASE_STRIP = NO;
				ENABLE_STRICT_OBJC_MSGSEND = YES;
				GCC_C_LANGUAGE_STANDARD = gnu99;
				GCC_DYNAMIC_NO_PIC = NO;
				GCC_OPTIMIZATION_LEVEL = 0;
				GCC_PREPROCESSOR_DEFINITIONS = (
					"DEBUG=1",
					"$(inherited)",
				);
				GCC_SYMBOLS_PRIVATE_EXTERN = NO;
				GCC_WARN_64_TO_32_BIT_CONVERSION = YES;
				GCC_WARN_ABOUT_RETURN_TYPE = YES_ERROR;
				GCC_WARN_UNDECLARED_SELECTOR = YES;
				GCC_WARN_UNINITIALIZED_AUTOS = YES_AGGRESSIVE;
				GCC_WARN_UNUSED_FUNCTION = YES;
				GCC_WARN_UNUSED_VARIABLE = YES;
				IPHONEOS_DEPLOYMENT_TARGET = 8.1;
				MTL_ENABLE_DEBUG_INFO = YES;
				ONLY_ACTIVE_ARCH = YES;
				SDKROOT = iphoneos;
				TARGETED_DEVICE_FAMILY = "1,2";
			};
			name = Debug;
		};
		4301EB121A18D4300059816E /* Release */ = {
			isa = XCBuildConfiguration;
			buildSettings = {
				ALWAYS_SEARCH_USER_PATHS = NO;
				CLANG_CXX_LANGUAGE_STANDARD = "gnu++0x";
				CLANG_CXX_LIBRARY = "libc++";
				CLANG_ENABLE_MODULES = YES;
				CLANG_ENABLE_OBJC_ARC = YES;
				CLANG_WARN_BOOL_CONVERSION = YES;
				CLANG_WARN_CONSTANT_CONVERSION = YES;
				CLANG_WARN_DIRECT_OBJC_ISA_USAGE = YES_ERROR;
				CLANG_WARN_EMPTY_BODY = YES;
				CLANG_WARN_ENUM_CONVERSION = YES;
				CLANG_WARN_INT_CONVERSION = YES;
				CLANG_WARN_OBJC_ROOT_CLASS = YES_ERROR;
				CLANG_WARN_UNREACHABLE_CODE = YES;
				CLANG_WARN__DUPLICATE_METHOD_MATCH = YES;
				"CODE_SIGN_IDENTITY[sdk=iphoneos*]" = "iPhone Developer";
				COPY_PHASE_STRIP = YES;
				ENABLE_NS_ASSERTIONS = NO;
				ENABLE_STRICT_OBJC_MSGSEND = YES;
				GCC_C_LANGUAGE_STANDARD = gnu99;
				GCC_WARN_64_TO_32_BIT_CONVERSION = YES;
				GCC_WARN_ABOUT_RETURN_TYPE = YES_ERROR;
				GCC_WARN_UNDECLARED_SELECTOR = YES;
				GCC_WARN_UNINITIALIZED_AUTOS = YES_AGGRESSIVE;
				GCC_WARN_UNUSED_FUNCTION = YES;
				GCC_WARN_UNUSED_VARIABLE = YES;
				IPHONEOS_DEPLOYMENT_TARGET = 8.1;
				MTL_ENABLE_DEBUG_INFO = NO;
				SDKROOT = iphoneos;
				TARGETED_DEVICE_FAMILY = "1,2";
				VALIDATE_PRODUCT = YES;
			};
			name = Release;
		};
		4301EB141A18D4300059816E /* Debug */ = {
			isa = XCBuildConfiguration;
			buildSettings = {
				ASSETCATALOG_COMPILER_APPICON_NAME = AppIcon;
				FRAMEWORK_SEARCH_PATHS = "$(inherited)";
				INFOPLIST_FILE = PresentationLayer/Info.plist;
				LD_RUNPATH_SEARCH_PATHS = "$(inherited) @executable_path/Frameworks";
				LIBRARY_SEARCH_PATHS = "$(inherited)";
				PRODUCT_NAME = "$(TARGET_NAME)";
			};
			name = Debug;
		};
		4301EB151A18D4300059816E /* Release */ = {
			isa = XCBuildConfiguration;
			buildSettings = {
				ASSETCATALOG_COMPILER_APPICON_NAME = AppIcon;
				FRAMEWORK_SEARCH_PATHS = "$(inherited)";
				INFOPLIST_FILE = PresentationLayer/Info.plist;
				LD_RUNPATH_SEARCH_PATHS = "$(inherited) @executable_path/Frameworks";
				LIBRARY_SEARCH_PATHS = "$(inherited)";
				PRODUCT_NAME = "$(TARGET_NAME)";
			};
			name = Release;
		};
		4301EB171A18D4300059816E /* Debug */ = {
			isa = XCBuildConfiguration;
			buildSettings = {
				BUNDLE_LOADER = "$(TEST_HOST)";
				FRAMEWORK_SEARCH_PATHS = (
					"$(SDKROOT)/Developer/Library/Frameworks",
					"$(inherited)",
				);
				GCC_PREPROCESSOR_DEFINITIONS = (
					"DEBUG=1",
					"$(inherited)",
				);
				INFOPLIST_FILE = PresentationLayerTests/Info.plist;
				LD_RUNPATH_SEARCH_PATHS = "$(inherited) @executable_path/Frameworks @loader_path/Frameworks";
				PRODUCT_NAME = "$(TARGET_NAME)";
				TEST_HOST = "$(BUILT_PRODUCTS_DIR)/PresentationLayer.app/PresentationLayer";
			};
			name = Debug;
		};
		4301EB181A18D4300059816E /* Release */ = {
			isa = XCBuildConfiguration;
			buildSettings = {
				BUNDLE_LOADER = "$(TEST_HOST)";
				FRAMEWORK_SEARCH_PATHS = (
					"$(SDKROOT)/Developer/Library/Frameworks",
					"$(inherited)",
				);
				INFOPLIST_FILE = PresentationLayerTests/Info.plist;
				LD_RUNPATH_SEARCH_PATHS = "$(inherited) @executable_path/Frameworks @loader_path/Frameworks";
				PRODUCT_NAME = "$(TARGET_NAME)";
				TEST_HOST = "$(BUILT_PRODUCTS_DIR)/PresentationLayer.app/PresentationLayer";
			};
			name = Release;
		};
/* End XCBuildConfiguration section */

/* Begin XCConfigurationList section */
		4301EAE81A18D4300059816E /* Build configuration list for PBXProject "PresentationLayer" */ = {
			isa = XCConfigurationList;
			buildConfigurations = (
				4301EB111A18D4300059816E /* Debug */,
				4301EB121A18D4300059816E /* Release */,
			);
			defaultConfigurationIsVisible = 0;
			defaultConfigurationName = Release;
		};
		4301EB131A18D4300059816E /* Build configuration list for PBXNativeTarget "PresentationLayer" */ = {
			isa = XCConfigurationList;
			buildConfigurations = (
				4301EB141A18D4300059816E /* Debug */,
				4301EB151A18D4300059816E /* Release */,
			);
			defaultConfigurationIsVisible = 0;
			defaultConfigurationName = Release;
		};
		4301EB161A18D4300059816E /* Build configuration list for PBXNativeTarget "PresentationLayerTests" */ = {
			isa = XCConfigurationList;
			buildConfigurations = (
				4301EB171A18D4300059816E /* Debug */,
				4301EB181A18D4300059816E /* Release */,
			);
			defaultConfigurationIsVisible = 0;
			defaultConfigurationName = Release;
		};
/* End XCConfigurationList section */
	};
	rootObject = 4301EAE51A18D4300059816E /* Project object */;
}
