// !$*UTF8*$!
{
	archiveVersion = 1;
	classes = {
	};
	objectVersion = 46;
	objects = {

/* Begin PBXBuildFile section */
		B2A3BC3D1CB7A1D500C35742 /* main.m in Sources */ = {isa = PBXBuildFile; fileRef = B2A3BC3C1CB7A1D500C35742 /* main.m */; };
		B2A3BC401CB7A1D500C35742 /* AppDelegate.m in Sources */ = {isa = PBXBuildFile; fileRef = B2A3BC3F1CB7A1D500C35742 /* AppDelegate.m */; };
		B2A3BC431CB7A1D500C35742 /* ViewController.m in Sources */ = {isa = PBXBuildFile; fileRef = B2A3BC421CB7A1D500C35742 /* ViewController.m */; };
		B2A3BC461CB7A1D500C35742 /* Main.storyboard in Resources */ = {isa = PBXBuildFile; fileRef = B2A3BC441CB7A1D500C35742 /* Main.storyboard */; };
		B2A3BC481CB7A1D500C35742 /* Assets.xcassets in Resources */ = {isa = PBXBuildFile; fileRef = B2A3BC471CB7A1D500C35742 /* Assets.xcassets */; };
		B2A3BC4B1CB7A1D500C35742 /* LaunchScreen.storyboard in Resources */ = {isa = PBXBuildFile; fileRef = B2A3BC491CB7A1D500C35742 /* LaunchScreen.storyboard */; };
		B2A3BC5C1CB7A21400C35742 /* archery.gif in Resources */ = {isa = PBXBuildFile; fileRef = B2A3BC531CB7A21400C35742 /* archery.gif */; };
		B2A3BC5D1CB7A21400C35742 /* athletics.gif in Resources */ = {isa = PBXBuildFile; fileRef = B2A3BC541CB7A21400C35742 /* athletics.gif */; };
		B2A3BC5E1CB7A21400C35742 /* badminton.gif in Resources */ = {isa = PBXBuildFile; fileRef = B2A3BC551CB7A21400C35742 /* badminton.gif */; };
		B2A3BC5F1CB7A21400C35742 /* basketball.gif in Resources */ = {isa = PBXBuildFile; fileRef = B2A3BC561CB7A21400C35742 /* basketball.gif */; };
		B2A3BC601CB7A21400C35742 /* beach-volleyball.gif in Resources */ = {isa = PBXBuildFile; fileRef = B2A3BC571CB7A21400C35742 /* beach-volleyball.gif */; };
		B2A3BC611CB7A21400C35742 /* boxing.gif in Resources */ = {isa = PBXBuildFile; fileRef = B2A3BC581CB7A21400C35742 /* boxing.gif */; };
		B2A3BC621CB7A21400C35742 /* canoe-slalom.gif in Resources */ = {isa = PBXBuildFile; fileRef = B2A3BC591CB7A21400C35742 /* canoe-slalom.gif */; };
		B2A3BC631CB7A21400C35742 /* canoe-sprint.gif in Resources */ = {isa = PBXBuildFile; fileRef = B2A3BC5A1CB7A21400C35742 /* canoe-sprint.gif */; };
		B2A3BC641CB7A21400C35742 /* events.plist in Resources */ = {isa = PBXBuildFile; fileRef = B2A3BC5B1CB7A21400C35742 /* events.plist */; };
		B2A3BC671CB7A2D200C35742 /* Cell.m in Sources */ = {isa = PBXBuildFile; fileRef = B2A3BC661CB7A2D200C35742 /* Cell.m */; };
/* End PBXBuildFile section */

/* Begin PBXFileReference section */
		B2A3BC381CB7A1D500C35742 /* CollentionViewSample.app */ = {isa = PBXFileReference; explicitFileType = wrapper.application; includeInIndex = 0; path = CollentionViewSample.app; sourceTree = BUILT_PRODUCTS_DIR; };
		B2A3BC3C1CB7A1D500C35742 /* main.m */ = {isa = PBXFileReference; lastKnownFileType = sourcecode.c.objc; path = main.m; sourceTree = "<group>"; };
		B2A3BC3E1CB7A1D500C35742 /* AppDelegate.h */ = {isa = PBXFileReference; lastKnownFileType = sourcecode.c.h; path = AppDelegate.h; sourceTree = "<group>"; };
		B2A3BC3F1CB7A1D500C35742 /* AppDelegate.m */ = {isa = PBXFileReference; lastKnownFileType = sourcecode.c.objc; path = AppDelegate.m; sourceTree = "<group>"; };
		B2A3BC411CB7A1D500C35742 /* ViewController.h */ = {isa = PBXFileReference; lastKnownFileType = sourcecode.c.h; path = ViewController.h; sourceTree = "<group>"; };
		B2A3BC421CB7A1D500C35742 /* ViewController.m */ = {isa = PBXFileReference; lastKnownFileType = sourcecode.c.objc; path = ViewController.m; sourceTree = "<group>"; };
		B2A3BC451CB7A1D500C35742 /* Base */ = {isa = PBXFileReference; lastKnownFileType = file.storyboard; name = Base; path = Base.lproj/Main.storyboard; sourceTree = "<group>"; };
		B2A3BC471CB7A1D500C35742 /* Assets.xcassets */ = {isa = PBXFileReference; lastKnownFileType = folder.assetcatalog; path = Assets.xcassets; sourceTree = "<group>"; };
		B2A3BC4A1CB7A1D500C35742 /* Base */ = {isa = PBXFileReference; lastKnownFileType = file.storyboard; name = Base; path = Base.lproj/LaunchScreen.storyboard; sourceTree = "<group>"; };
		B2A3BC4C1CB7A1D500C35742 /* Info.plist */ = {isa = PBXFileReference; lastKnownFileType = text.plist.xml; path = Info.plist; sourceTree = "<group>"; };
		B2A3BC531CB7A21400C35742 /* archery.gif */ = {isa = PBXFileReference; lastKnownFileType = image.gif; path = archery.gif; sourceTree = "<group>"; };
		B2A3BC541CB7A21400C35742 /* athletics.gif */ = {isa = PBXFileReference; lastKnownFileType = image.gif; path = athletics.gif; sourceTree = "<group>"; };
		B2A3BC551CB7A21400C35742 /* badminton.gif */ = {isa = PBXFileReference; lastKnownFileType = image.gif; path = badminton.gif; sourceTree = "<group>"; };
		B2A3BC561CB7A21400C35742 /* basketball.gif */ = {isa = PBXFileReference; lastKnownFileType = image.gif; path = basketball.gif; sourceTree = "<group>"; };
		B2A3BC571CB7A21400C35742 /* beach-volleyball.gif */ = {isa = PBXFileReference; lastKnownFileType = image.gif; path = "beach-volleyball.gif"; sourceTree = "<group>"; };
		B2A3BC581CB7A21400C35742 /* boxing.gif */ = {isa = PBXFileReference; lastKnownFileType = image.gif; path = boxing.gif; sourceTree = "<group>"; };
		B2A3BC591CB7A21400C35742 /* canoe-slalom.gif */ = {isa = PBXFileReference; lastKnownFileType = image.gif; path = "canoe-slalom.gif"; sourceTree = "<group>"; };
		B2A3BC5A1CB7A21400C35742 /* canoe-sprint.gif */ = {isa = PBXFileReference; lastKnownFileType = image.gif; path = "canoe-sprint.gif"; sourceTree = "<group>"; };
		B2A3BC5B1CB7A21400C35742 /* events.plist */ = {isa = PBXFileReference; fileEncoding = 4; lastKnownFileType = text.plist.xml; path = events.plist; sourceTree = "<group>"; };
		B2A3BC651CB7A2D200C35742 /* Cell.h */ = {isa = PBXFileReference; fileEncoding = 4; lastKnownFileType = sourcecode.c.h; path = Cell.h; sourceTree = "<group>"; };
		B2A3BC661CB7A2D200C35742 /* Cell.m */ = {isa = PBXFileReference; fileEncoding = 4; lastKnownFileType = sourcecode.c.objc; path = Cell.m; sourceTree = "<group>"; };
/* End PBXFileReference section */

/* Begin PBXFrameworksBuildPhase section */
		B2A3BC351CB7A1D500C35742 /* Frameworks */ = {
			isa = PBXFrameworksBuildPhase;
			buildActionMask = 2147483647;
			files = (
			);
			runOnlyForDeploymentPostprocessing = 0;
		};
/* End PBXFrameworksBuildPhase section */

/* Begin PBXGroup section */
		B2A3BC2F1CB7A1D400C35742 = {
			isa = PBXGroup;
			children = (
				B2A3BC3A1CB7A1D500C35742 /* CollentionViewSample */,
				B2A3BC391CB7A1D500C35742 /* Products */,
			);
			sourceTree = "<group>";
		};
		B2A3BC391CB7A1D500C35742 /* Products */ = {
			isa = PBXGroup;
			children = (
				B2A3BC381CB7A1D500C35742 /* CollentionViewSample.app */,
			);
			name = Products;
			sourceTree = "<group>";
		};
		B2A3BC3A1CB7A1D500C35742 /* CollentionViewSample */ = {
			isa = PBXGroup;
			children = (
				B2A3BC3E1CB7A1D500C35742 /* AppDelegate.h */,
				B2A3BC3F1CB7A1D500C35742 /* AppDelegate.m */,
				B2A3BC411CB7A1D500C35742 /* ViewController.h */,
				B2A3BC421CB7A1D500C35742 /* ViewController.m */,
				B2A3BC441CB7A1D500C35742 /* Main.storyboard */,
				B2A3BC651CB7A2D200C35742 /* Cell.h */,
				B2A3BC661CB7A2D200C35742 /* Cell.m */,
				B2A3BC521CB7A21400C35742 /* Olympics_Pic */,
				B2A3BC471CB7A1D500C35742 /* Assets.xcassets */,
				B2A3BC491CB7A1D500C35742 /* LaunchScreen.storyboard */,
				B2A3BC4C1CB7A1D500C35742 /* Info.plist */,
				B2A3BC3B1CB7A1D500C35742 /* Supporting Files */,
			);
			path = CollentionViewSample;
			sourceTree = "<group>";
		};
		B2A3BC3B1CB7A1D500C35742 /* Supporting Files */ = {
			isa = PBXGroup;
			children = (
				B2A3BC3C1CB7A1D500C35742 /* main.m */,
			);
			name = "Supporting Files";
			sourceTree = "<group>";
		};
		B2A3BC521CB7A21400C35742 /* Olympics_Pic */ = {
			isa = PBXGroup;
			children = (
				B2A3BC531CB7A21400C35742 /* archery.gif */,
				B2A3BC541CB7A21400C35742 /* athletics.gif */,
				B2A3BC551CB7A21400C35742 /* badminton.gif */,
				B2A3BC561CB7A21400C35742 /* basketball.gif */,
				B2A3BC571CB7A21400C35742 /* beach-volleyball.gif */,
				B2A3BC581CB7A21400C35742 /* boxing.gif */,
				B2A3BC591CB7A21400C35742 /* canoe-slalom.gif */,
				B2A3BC5A1CB7A21400C35742 /* canoe-sprint.gif */,
				B2A3BC5B1CB7A21400C35742 /* events.plist */,
			);
			path = Olympics_Pic;
			sourceTree = "<group>";
		};
/* End PBXGroup section */

/* Begin PBXNativeTarget section */
		B2A3BC371CB7A1D500C35742 /* CollentionViewSample */ = {
			isa = PBXNativeTarget;
			buildConfigurationList = B2A3BC4F1CB7A1D500C35742 /* Build configuration list for PBXNativeTarget "CollentionViewSample" */;
			buildPhases = (
				B2A3BC341CB7A1D500C35742 /* Sources */,
				B2A3BC351CB7A1D500C35742 /* Frameworks */,
				B2A3BC361CB7A1D500C35742 /* Resources */,
			);
			buildRules = (
			);
			dependencies = (
			);
			name = CollentionViewSample;
			productName = CollentionViewSample;
			productReference = B2A3BC381CB7A1D500C35742 /* CollentionViewSample.app */;
			productType = "com.apple.product-type.application";
		};
/* End PBXNativeTarget section */

/* Begin PBXProject section */
		B2A3BC301CB7A1D400C35742 /* Project object */ = {
			isa = PBXProject;
			attributes = {
				LastUpgradeCheck = 0720;
				ORGANIZATIONNAME = lhx;
				TargetAttributes = {
					B2A3BC371CB7A1D500C35742 = {
						CreatedOnToolsVersion = 7.2.1;
					};
				};
			};
			buildConfigurationList = B2A3BC331CB7A1D400C35742 /* Build configuration list for PBXProject "CollentionViewSample" */;
			compatibilityVersion = "Xcode 3.2";
			developmentRegion = English;
			hasScannedForEncodings = 0;
			knownRegions = (
				en,
				Base,
			);
			mainGroup = B2A3BC2F1CB7A1D400C35742;
			productRefGroup = B2A3BC391CB7A1D500C35742 /* Products */;
			projectDirPath = "";
			projectRoot = "";
			targets = (
				B2A3BC371CB7A1D500C35742 /* CollentionViewSample */,
			);
		};
/* End PBXProject section */

/* Begin PBXResourcesBuildPhase section */
		B2A3BC361CB7A1D500C35742 /* Resources */ = {
			isa = PBXResourcesBuildPhase;
			buildActionMask = 2147483647;
			files = (
				B2A3BC4B1CB7A1D500C35742 /* LaunchScreen.storyboard in Resources */,
				B2A3BC5F1CB7A21400C35742 /* basketball.gif in Resources */,
				B2A3BC611CB7A21400C35742 /* boxing.gif in Resources */,
				B2A3BC5D1CB7A21400C35742 /* athletics.gif in Resources */,
				B2A3BC631CB7A21400C35742 /* canoe-sprint.gif in Resources */,
				B2A3BC5C1CB7A21400C35742 /* archery.gif in Resources */,
				B2A3BC621CB7A21400C35742 /* canoe-slalom.gif in Resources */,
				B2A3BC5E1CB7A21400C35742 /* badminton.gif in Resources */,
				B2A3BC481CB7A1D500C35742 /* Assets.xcassets in Resources */,
				B2A3BC601CB7A21400C35742 /* beach-volleyball.gif in Resources */,
				B2A3BC461CB7A1D500C35742 /* Main.storyboard in Resources */,
				B2A3BC641CB7A21400C35742 /* events.plist in Resources */,
			);
			runOnlyForDeploymentPostprocessing = 0;
		};
/* End PBXResourcesBuildPhase section */

/* Begin PBXSourcesBuildPhase section */
		B2A3BC341CB7A1D500C35742 /* Sources */ = {
			isa = PBXSourcesBuildPhase;
			buildActionMask = 2147483647;
			files = (
				B2A3BC431CB7A1D500C35742 /* ViewController.m in Sources */,
				B2A3BC671CB7A2D200C35742 /* Cell.m in Sources */,
				B2A3BC401CB7A1D500C35742 /* AppDelegate.m in Sources */,
				B2A3BC3D1CB7A1D500C35742 /* main.m in Sources */,
			);
			runOnlyForDeploymentPostprocessing = 0;
		};
/* End PBXSourcesBuildPhase section */

/* Begin PBXVariantGroup section */
		B2A3BC441CB7A1D500C35742 /* Main.storyboard */ = {
			isa = PBXVariantGroup;
			children = (
				B2A3BC451CB7A1D500C35742 /* Base */,
			);
			name = Main.storyboard;
			sourceTree = "<group>";
		};
		B2A3BC491CB7A1D500C35742 /* LaunchScreen.storyboard */ = {
			isa = PBXVariantGroup;
			children = (
				B2A3BC4A1CB7A1D500C35742 /* Base */,
			);
			name = LaunchScreen.storyboard;
			sourceTree = "<group>";
		};
/* End PBXVariantGroup section */

/* Begin XCBuildConfiguration section */
		B2A3BC4D1CB7A1D500C35742 /* Debug */ = {
			isa = XCBuildConfiguration;
			buildSettings = {
				ALWAYS_SEARCH_USER_PATHS = NO;
				CLANG_CXX_LANGUAGE_STANDARD = "gnu++0x";
				CLANG_CXX_LIBRARY = "libc++";
				CLANG_ENABLE_MODULES = YES;
				CLANG_ENABLE_OBJC_ARC = YES;
				CLANG_WARN_BOOL_CONVERSION = YES;
				CLANG_WARN_CONSTANT_CONVERSION = YES;
				CLANG_WARN_DIRECT_OBJC_ISA_USAGE = YES_ERROR;
				CLANG_WARN_EMPTY_BODY = YES;
				CLANG_WARN_ENUM_CONVERSION = YES;
				CLANG_WARN_INT_CONVERSION = YES;
				CLANG_WARN_OBJC_ROOT_CLASS = YES_ERROR;
				CLANG_WARN_UNREACHABLE_CODE = YES;
				CLANG_WARN__DUPLICATE_METHOD_MATCH = YES;
				"CODE_SIGN_IDENTITY[sdk=iphoneos*]" = "iPhone Developer";
				COPY_PHASE_STRIP = NO;
				DEBUG_INFORMATION_FORMAT = dwarf;
				ENABLE_STRICT_OBJC_MSGSEND = YES;
				ENABLE_TESTABILITY = YES;
				GCC_C_LANGUAGE_STANDARD = gnu99;
				GCC_DYNAMIC_NO_PIC = NO;
				GCC_NO_COMMON_BLOCKS = YES;
				GCC_OPTIMIZATION_LEVEL = 0;
				GCC_PREPROCESSOR_DEFINITIONS = (
					"DEBUG=1",
					"$(inherited)",
				);
				GCC_WARN_64_TO_32_BIT_CONVERSION = YES;
				GCC_WARN_ABOUT_RETURN_TYPE = YES_ERROR;
				GCC_WARN_UNDECLARED_SELECTOR = YES;
				GCC_WARN_UNINITIALIZED_AUTOS = YES_AGGRESSIVE;
				GCC_WARN_UNUSED_FUNCTION = YES;
				GCC_WARN_UNUSED_VARIABLE = YES;
				IPHONEOS_DEPLOYMENT_TARGET = 9.2;
				MTL_ENABLE_DEBUG_INFO = YES;
				ONLY_ACTIVE_ARCH = YES;
				SDKROOT = iphoneos;
				TARGETED_DEVICE_FAMILY = "1,2";
			};
			name = Debug;
		};
		B2A3BC4E1CB7A1D500C35742 /* Release */ = {
			isa = XCBuildConfiguration;
			buildSettings = {
				ALWAYS_SEARCH_USER_PATHS = NO;
				CLANG_CXX_LANGUAGE_STANDARD = "gnu++0x";
				CLANG_CXX_LIBRARY = "libc++";
				CLANG_ENABLE_MODULES = YES;
				CLANG_ENABLE_OBJC_ARC = YES;
				CLANG_WARN_BOOL_CONVERSION = YES;
				CLANG_WARN_CONSTANT_CONVERSION = YES;
				CLANG_WARN_DIRECT_OBJC_ISA_USAGE = YES_ERROR;
				CLANG_WARN_EMPTY_BODY = YES;
				CLANG_WARN_ENUM_CONVERSION = YES;
				CLANG_WARN_INT_CONVERSION = YES;
				CLANG_WARN_OBJC_ROOT_CLASS = YES_ERROR;
				CLANG_WARN_UNREACHABLE_CODE = YES;
				CLANG_WARN__DUPLICATE_METHOD_MATCH = YES;
				"CODE_SIGN_IDENTITY[sdk=iphoneos*]" = "iPhone Developer";
				COPY_PHASE_STRIP = NO;
				DEBUG_INFORMATION_FORMAT = "dwarf-with-dsym";
				ENABLE_NS_ASSERTIONS = NO;
				ENABLE_STRICT_OBJC_MSGSEND = YES;
				GCC_C_LANGUAGE_STANDARD = gnu99;
				GCC_NO_COMMON_BLOCKS = YES;
				GCC_WARN_64_TO_32_BIT_CONVERSION = YES;
				GCC_WARN_ABOUT_RETURN_TYPE = YES_ERROR;
				GCC_WARN_UNDECLARED_SELECTOR = YES;
				GCC_WARN_UNINITIALIZED_AUTOS = YES_AGGRESSIVE;
				GCC_WARN_UNUSED_FUNCTION = YES;
				GCC_WARN_UNUSED_VARIABLE = YES;
				IPHONEOS_DEPLOYMENT_TARGET = 9.2;
				MTL_ENABLE_DEBUG_INFO = NO;
				SDKROOT = iphoneos;
				TARGETED_DEVICE_FAMILY = "1,2";
				VALIDATE_PRODUCT = YES;
			};
			name = Release;
		};
		B2A3BC501CB7A1D500C35742 /* Debug */ = {
			isa = XCBuildConfiguration;
			buildSettings = {
				ASSETCATALOG_COMPILER_APPICON_NAME = AppIcon;
				INFOPLIST_FILE = CollentionViewSample/Info.plist;
				LD_RUNPATH_SEARCH_PATHS = "$(inherited) @executable_path/Frameworks";
				PRODUCT_BUNDLE_IDENTIFIER = com.lhx.CollentionViewSample;
				PRODUCT_NAME = "$(TARGET_NAME)";
			};
			name = Debug;
		};
		B2A3BC511CB7A1D500C35742 /* Release */ = {
			isa = XCBuildConfiguration;
			buildSettings = {
				ASSETCATALOG_COMPILER_APPICON_NAME = AppIcon;
				INFOPLIST_FILE = CollentionViewSample/Info.plist;
				LD_RUNPATH_SEARCH_PATHS = "$(inherited) @executable_path/Frameworks";
				PRODUCT_BUNDLE_IDENTIFIER = com.lhx.CollentionViewSample;
				PRODUCT_NAME = "$(TARGET_NAME)";
			};
			name = Release;
		};
/* End XCBuildConfiguration section */

/* Begin XCConfigurationList section */
		B2A3BC331CB7A1D400C35742 /* Build configuration list for PBXProject "CollentionViewSample" */ = {
			isa = XCConfigurationList;
			buildConfigurations = (
				B2A3BC4D1CB7A1D500C35742 /* Debug */,
				B2A3BC4E1CB7A1D500C35742 /* Release */,
			);
			defaultConfigurationIsVisible = 0;
			defaultConfigurationName = Release;
		};
		B2A3BC4F1CB7A1D500C35742 /* Build configuration list for PBXNativeTarget "CollentionViewSample" */ = {
			isa = XCConfigurationList;
			buildConfigurations = (
				B2A3BC501CB7A1D500C35742 /* Debug */,
				B2A3BC511CB7A1D500C35742 /* Release */,
			);
			defaultConfigurationIsVisible = 0;
		};
/* End XCConfigurationList section */
	};
	rootObject = B2A3BC301CB7A1D400C35742 /* Project object */;
}
