// !$*UTF8*$!
{
	archiveVersion = 1;
	classes = {
	};
	objectVersion = 46;
	objects = {

/* Begin PBXBuildFile section */
		B2F8A4B01CE7564600CE1DAA /* main.m in Sources */ = {isa = PBXBuildFile; fileRef = B2F8A4AF1CE7564600CE1DAA /* main.m */; };
		B2F8A4B31CE7564600CE1DAA /* AppDelegate.m in Sources */ = {isa = PBXBuildFile; fileRef = B2F8A4B21CE7564600CE1DAA /* AppDelegate.m */; };
		B2F8A4B61CE7564600CE1DAA /* ViewController.m in Sources */ = {isa = PBXBuildFile; fileRef = B2F8A4B51CE7564600CE1DAA /* ViewController.m */; };
		B2F8A4B91CE7564600CE1DAA /* Main.storyboard in Resources */ = {isa = PBXBuildFile; fileRef = B2F8A4B71CE7564600CE1DAA /* Main.storyboard */; };
		B2F8A4BB1CE7564600CE1DAA /* Assets.xcassets in Resources */ = {isa = PBXBuildFile; fileRef = B2F8A4BA1CE7564600CE1DAA /* Assets.xcassets */; };
		B2F8A4BE1CE7564600CE1DAA /* LaunchScreen.storyboard in Resources */ = {isa = PBXBuildFile; fileRef = B2F8A4BC1CE7564600CE1DAA /* LaunchScreen.storyboard */; };
		B2F8A4C61CE756AD00CE1DAA /* AddressBook.framework in Frameworks */ = {isa = PBXBuildFile; fileRef = B2F8A4C51CE756AD00CE1DAA /* AddressBook.framework */; };
		B2F8A4C81CE756B500CE1DAA /* AddressBookUI.framework in Frameworks */ = {isa = PBXBuildFile; fileRef = B2F8A4C71CE756B500CE1DAA /* AddressBookUI.framework */; };
/* End PBXBuildFile section */

/* Begin PBXFileReference section */
		B2F8A4AB1CE7564600CE1DAA /* Create_Contacts.app */ = {isa = PBXFileReference; explicitFileType = wrapper.application; includeInIndex = 0; path = Create_Contacts.app; sourceTree = BUILT_PRODUCTS_DIR; };
		B2F8A4AF1CE7564600CE1DAA /* main.m */ = {isa = PBXFileReference; lastKnownFileType = sourcecode.c.objc; path = main.m; sourceTree = "<group>"; };
		B2F8A4B11CE7564600CE1DAA /* AppDelegate.h */ = {isa = PBXFileReference; lastKnownFileType = sourcecode.c.h; path = AppDelegate.h; sourceTree = "<group>"; };
		B2F8A4B21CE7564600CE1DAA /* AppDelegate.m */ = {isa = PBXFileReference; lastKnownFileType = sourcecode.c.objc; path = AppDelegate.m; sourceTree = "<group>"; };
		B2F8A4B41CE7564600CE1DAA /* ViewController.h */ = {isa = PBXFileReference; lastKnownFileType = sourcecode.c.h; path = ViewController.h; sourceTree = "<group>"; };
		B2F8A4B51CE7564600CE1DAA /* ViewController.m */ = {isa = PBXFileReference; lastKnownFileType = sourcecode.c.objc; path = ViewController.m; sourceTree = "<group>"; };
		B2F8A4B81CE7564600CE1DAA /* Base */ = {isa = PBXFileReference; lastKnownFileType = file.storyboard; name = Base; path = Base.lproj/Main.storyboard; sourceTree = "<group>"; };
		B2F8A4BA1CE7564600CE1DAA /* Assets.xcassets */ = {isa = PBXFileReference; lastKnownFileType = folder.assetcatalog; path = Assets.xcassets; sourceTree = "<group>"; };
		B2F8A4BD1CE7564600CE1DAA /* Base */ = {isa = PBXFileReference; lastKnownFileType = file.storyboard; name = Base; path = Base.lproj/LaunchScreen.storyboard; sourceTree = "<group>"; };
		B2F8A4BF1CE7564600CE1DAA /* Info.plist */ = {isa = PBXFileReference; lastKnownFileType = text.plist.xml; path = Info.plist; sourceTree = "<group>"; };
		B2F8A4C51CE756AD00CE1DAA /* AddressBook.framework */ = {isa = PBXFileReference; lastKnownFileType = wrapper.framework; name = AddressBook.framework; path = System/Library/Frameworks/AddressBook.framework; sourceTree = SDKROOT; };
		B2F8A4C71CE756B500CE1DAA /* AddressBookUI.framework */ = {isa = PBXFileReference; lastKnownFileType = wrapper.framework; name = AddressBookUI.framework; path = System/Library/Frameworks/AddressBookUI.framework; sourceTree = SDKROOT; };
/* End PBXFileReference section */

/* Begin PBXFrameworksBuildPhase section */
		B2F8A4A81CE7564600CE1DAA /* Frameworks */ = {
			isa = PBXFrameworksBuildPhase;
			buildActionMask = 2147483647;
			files = (
				B2F8A4C81CE756B500CE1DAA /* AddressBookUI.framework in Frameworks */,
				B2F8A4C61CE756AD00CE1DAA /* AddressBook.framework in Frameworks */,
			);
			runOnlyForDeploymentPostprocessing = 0;
		};
/* End PBXFrameworksBuildPhase section */

/* Begin PBXGroup section */
		B2F8A4A21CE7564600CE1DAA = {
			isa = PBXGroup;
			children = (
				B2F8A4C71CE756B500CE1DAA /* AddressBookUI.framework */,
				B2F8A4C51CE756AD00CE1DAA /* AddressBook.framework */,
				B2F8A4AD1CE7564600CE1DAA /* Create_Contacts */,
				B2F8A4AC1CE7564600CE1DAA /* Products */,
			);
			sourceTree = "<group>";
		};
		B2F8A4AC1CE7564600CE1DAA /* Products */ = {
			isa = PBXGroup;
			children = (
				B2F8A4AB1CE7564600CE1DAA /* Create_Contacts.app */,
			);
			name = Products;
			sourceTree = "<group>";
		};
		B2F8A4AD1CE7564600CE1DAA /* Create_Contacts */ = {
			isa = PBXGroup;
			children = (
				B2F8A4B11CE7564600CE1DAA /* AppDelegate.h */,
				B2F8A4B21CE7564600CE1DAA /* AppDelegate.m */,
				B2F8A4B41CE7564600CE1DAA /* ViewController.h */,
				B2F8A4B51CE7564600CE1DAA /* ViewController.m */,
				B2F8A4B71CE7564600CE1DAA /* Main.storyboard */,
				B2F8A4BA1CE7564600CE1DAA /* Assets.xcassets */,
				B2F8A4BC1CE7564600CE1DAA /* LaunchScreen.storyboard */,
				B2F8A4BF1CE7564600CE1DAA /* Info.plist */,
				B2F8A4AE1CE7564600CE1DAA /* Supporting Files */,
			);
			path = Create_Contacts;
			sourceTree = "<group>";
		};
		B2F8A4AE1CE7564600CE1DAA /* Supporting Files */ = {
			isa = PBXGroup;
			children = (
				B2F8A4AF1CE7564600CE1DAA /* main.m */,
			);
			name = "Supporting Files";
			sourceTree = "<group>";
		};
/* End PBXGroup section */

/* Begin PBXNativeTarget section */
		B2F8A4AA1CE7564600CE1DAA /* Create_Contacts */ = {
			isa = PBXNativeTarget;
			buildConfigurationList = B2F8A4C21CE7564600CE1DAA /* Build configuration list for PBXNativeTarget "Create_Contacts" */;
			buildPhases = (
				B2F8A4A71CE7564600CE1DAA /* Sources */,
				B2F8A4A81CE7564600CE1DAA /* Frameworks */,
				B2F8A4A91CE7564600CE1DAA /* Resources */,
			);
			buildRules = (
			);
			dependencies = (
			);
			name = Create_Contacts;
			productName = Create_Contacts;
			productReference = B2F8A4AB1CE7564600CE1DAA /* Create_Contacts.app */;
			productType = "com.apple.product-type.application";
		};
/* End PBXNativeTarget section */

/* Begin PBXProject section */
		B2F8A4A31CE7564600CE1DAA /* Project object */ = {
			isa = PBXProject;
			attributes = {
				LastUpgradeCheck = 0720;
				ORGANIZATIONNAME = lhx;
				TargetAttributes = {
					B2F8A4AA1CE7564600CE1DAA = {
						CreatedOnToolsVersion = 7.2.1;
					};
				};
			};
			buildConfigurationList = B2F8A4A61CE7564600CE1DAA /* Build configuration list for PBXProject "Create_Contacts" */;
			compatibilityVersion = "Xcode 3.2";
			developmentRegion = English;
			hasScannedForEncodings = 0;
			knownRegions = (
				en,
				Base,
			);
			mainGroup = B2F8A4A21CE7564600CE1DAA;
			productRefGroup = B2F8A4AC1CE7564600CE1DAA /* Products */;
			projectDirPath = "";
			projectRoot = "";
			targets = (
				B2F8A4AA1CE7564600CE1DAA /* Create_Contacts */,
			);
		};
/* End PBXProject section */

/* Begin PBXResourcesBuildPhase section */
		B2F8A4A91CE7564600CE1DAA /* Resources */ = {
			isa = PBXResourcesBuildPhase;
			buildActionMask = 2147483647;
			files = (
				B2F8A4BE1CE7564600CE1DAA /* LaunchScreen.storyboard in Resources */,
				B2F8A4BB1CE7564600CE1DAA /* Assets.xcassets in Resources */,
				B2F8A4B91CE7564600CE1DAA /* Main.storyboard in Resources */,
			);
			runOnlyForDeploymentPostprocessing = 0;
		};
/* End PBXResourcesBuildPhase section */

/* Begin PBXSourcesBuildPhase section */
		B2F8A4A71CE7564600CE1DAA /* Sources */ = {
			isa = PBXSourcesBuildPhase;
			buildActionMask = 2147483647;
			files = (
				B2F8A4B61CE7564600CE1DAA /* ViewController.m in Sources */,
				B2F8A4B31CE7564600CE1DAA /* AppDelegate.m in Sources */,
				B2F8A4B01CE7564600CE1DAA /* main.m in Sources */,
			);
			runOnlyForDeploymentPostprocessing = 0;
		};
/* End PBXSourcesBuildPhase section */

/* Begin PBXVariantGroup section */
		B2F8A4B71CE7564600CE1DAA /* Main.storyboard */ = {
			isa = PBXVariantGroup;
			children = (
				B2F8A4B81CE7564600CE1DAA /* Base */,
			);
			name = Main.storyboard;
			sourceTree = "<group>";
		};
		B2F8A4BC1CE7564600CE1DAA /* LaunchScreen.storyboard */ = {
			isa = PBXVariantGroup;
			children = (
				B2F8A4BD1CE7564600CE1DAA /* Base */,
			);
			name = LaunchScreen.storyboard;
			sourceTree = "<group>";
		};
/* End PBXVariantGroup section */

/* Begin XCBuildConfiguration section */
		B2F8A4C01CE7564600CE1DAA /* Debug */ = {
			isa = XCBuildConfiguration;
			buildSettings = {
				ALWAYS_SEARCH_USER_PATHS = NO;
				CLANG_CXX_LANGUAGE_STANDARD = "gnu++0x";
				CLANG_CXX_LIBRARY = "libc++";
				CLANG_ENABLE_MODULES = YES;
				CLANG_ENABLE_OBJC_ARC = YES;
				CLANG_WARN_BOOL_CONVERSION = YES;
				CLANG_WARN_CONSTANT_CONVERSION = YES;
				CLANG_WARN_DIRECT_OBJC_ISA_USAGE = YES_ERROR;
				CLANG_WARN_EMPTY_BODY = YES;
				CLANG_WARN_ENUM_CONVERSION = YES;
				CLANG_WARN_INT_CONVERSION = YES;
				CLANG_WARN_OBJC_ROOT_CLASS = YES_ERROR;
				CLANG_WARN_UNREACHABLE_CODE = YES;
				CLANG_WARN__DUPLICATE_METHOD_MATCH = YES;
				"CODE_SIGN_IDENTITY[sdk=iphoneos*]" = "iPhone Developer";
				COPY_PHASE_STRIP = NO;
				DEBUG_INFORMATION_FORMAT = dwarf;
				ENABLE_STRICT_OBJC_MSGSEND = YES;
				ENABLE_TESTABILITY = YES;
				GCC_C_LANGUAGE_STANDARD = gnu99;
				GCC_DYNAMIC_NO_PIC = NO;
				GCC_NO_COMMON_BLOCKS = YES;
				GCC_OPTIMIZATION_LEVEL = 0;
				GCC_PREPROCESSOR_DEFINITIONS = (
					"DEBUG=1",
					"$(inherited)",
				);
				GCC_WARN_64_TO_32_BIT_CONVERSION = YES;
				GCC_WARN_ABOUT_RETURN_TYPE = YES_ERROR;
				GCC_WARN_UNDECLARED_SELECTOR = YES;
				GCC_WARN_UNINITIALIZED_AUTOS = YES_AGGRESSIVE;
				GCC_WARN_UNUSED_FUNCTION = YES;
				GCC_WARN_UNUSED_VARIABLE = YES;
				IPHONEOS_DEPLOYMENT_TARGET = 9.2;
				MTL_ENABLE_DEBUG_INFO = YES;
				ONLY_ACTIVE_ARCH = YES;
				SDKROOT = iphoneos;
				TARGETED_DEVICE_FAMILY = "1,2";
			};
			name = Debug;
		};
		B2F8A4C11CE7564600CE1DAA /* Release */ = {
			isa = XCBuildConfiguration;
			buildSettings = {
				ALWAYS_SEARCH_USER_PATHS = NO;
				CLANG_CXX_LANGUAGE_STANDARD = "gnu++0x";
				CLANG_CXX_LIBRARY = "libc++";
				CLANG_ENABLE_MODULES = YES;
				CLANG_ENABLE_OBJC_ARC = YES;
				CLANG_WARN_BOOL_CONVERSION = YES;
				CLANG_WARN_CONSTANT_CONVERSION = YES;
				CLANG_WARN_DIRECT_OBJC_ISA_USAGE = YES_ERROR;
				CLANG_WARN_EMPTY_BODY = YES;
				CLANG_WARN_ENUM_CONVERSION = YES;
				CLANG_WARN_INT_CONVERSION = YES;
				CLANG_WARN_OBJC_ROOT_CLASS = YES_ERROR;
				CLANG_WARN_UNREACHABLE_CODE = YES;
				CLANG_WARN__DUPLICATE_METHOD_MATCH = YES;
				"CODE_SIGN_IDENTITY[sdk=iphoneos*]" = "iPhone Developer";
				COPY_PHASE_STRIP = NO;
				DEBUG_INFORMATION_FORMAT = "dwarf-with-dsym";
				ENABLE_NS_ASSERTIONS = NO;
				ENABLE_STRICT_OBJC_MSGSEND = YES;
				GCC_C_LANGUAGE_STANDARD = gnu99;
				GCC_NO_COMMON_BLOCKS = YES;
				GCC_WARN_64_TO_32_BIT_CONVERSION = YES;
				GCC_WARN_ABOUT_RETURN_TYPE = YES_ERROR;
				GCC_WARN_UNDECLARED_SELECTOR = YES;
				GCC_WARN_UNINITIALIZED_AUTOS = YES_AGGRESSIVE;
				GCC_WARN_UNUSED_FUNCTION = YES;
				GCC_WARN_UNUSED_VARIABLE = YES;
				IPHONEOS_DEPLOYMENT_TARGET = 9.2;
				MTL_ENABLE_DEBUG_INFO = NO;
				SDKROOT = iphoneos;
				TARGETED_DEVICE_FAMILY = "1,2";
				VALIDATE_PRODUCT = YES;
			};
			name = Release;
		};
		B2F8A4C31CE7564600CE1DAA /* Debug */ = {
			isa = XCBuildConfiguration;
			buildSettings = {
				ASSETCATALOG_COMPILER_APPICON_NAME = AppIcon;
				INFOPLIST_FILE = Create_Contacts/Info.plist;
				IPHONEOS_DEPLOYMENT_TARGET = 6.1;
				LD_RUNPATH_SEARCH_PATHS = "$(inherited) @executable_path/Frameworks";
				PRODUCT_BUNDLE_IDENTIFIER = "com.lhx.Create-Contacts";
				PRODUCT_NAME = "$(TARGET_NAME)";
			};
			name = Debug;
		};
		B2F8A4C41CE7564600CE1DAA /* Release */ = {
			isa = XCBuildConfiguration;
			buildSettings = {
				ASSETCATALOG_COMPILER_APPICON_NAME = AppIcon;
				INFOPLIST_FILE = Create_Contacts/Info.plist;
				IPHONEOS_DEPLOYMENT_TARGET = 6.1;
				LD_RUNPATH_SEARCH_PATHS = "$(inherited) @executable_path/Frameworks";
				PRODUCT_BUNDLE_IDENTIFIER = "com.lhx.Create-Contacts";
				PRODUCT_NAME = "$(TARGET_NAME)";
			};
			name = Release;
		};
/* End XCBuildConfiguration section */

/* Begin XCConfigurationList section */
		B2F8A4A61CE7564600CE1DAA /* Build configuration list for PBXProject "Create_Contacts" */ = {
			isa = XCConfigurationList;
			buildConfigurations = (
				B2F8A4C01CE7564600CE1DAA /* Debug */,
				B2F8A4C11CE7564600CE1DAA /* Release */,
			);
			defaultConfigurationIsVisible = 0;
			defaultConfigurationName = Release;
		};
		B2F8A4C21CE7564600CE1DAA /* Build configuration list for PBXNativeTarget "Create_Contacts" */ = {
			isa = XCConfigurationList;
			buildConfigurations = (
				B2F8A4C31CE7564600CE1DAA /* Debug */,
				B2F8A4C41CE7564600CE1DAA /* Release */,
			);
			defaultConfigurationIsVisible = 0;
		};
/* End XCConfigurationList section */
	};
	rootObject = B2F8A4A31CE7564600CE1DAA /* Project object */;
}
